PODS:
  - CountdownLabel (4.0.1)
  - CRRefresh (1.1.3)
  - GoogleMaps (8.3.0):
    - GoogleMaps/Maps (= 8.3.0)
  - GoogleMaps/Base (8.3.0)
  - GoogleMaps/Maps (8.3.0):
    - GoogleMaps/Base
  - GooglePlaces (8.3.0)
  - IQKeyboardManagerSwift (6.5.16)
  - KeychainAccess (4.2.2)
  - Kingfisher (7.10.0)
  - ProgressHUD (2.70)
  - SnapKit (5.6.0)
  - SwiftLint (0.54.0)

DEPENDENCIES:
  - CountdownLabel
  - CRRefresh
  - GoogleMaps
  - GooglePlaces
  - IQKeyboardManagerSwift
  - KeychainAccess
  - Kingfisher (~> 7.0)
  - ProgressHUD
  - SnapKit (~> 5.6.0)
  - SwiftLint

SPEC REPOS:
  trunk:
    - CountdownLabel
    - CRRefresh
    - GoogleMaps
    - GooglePlaces
    - IQKeyboardManagerSwift
    - KeychainAccess
    - Kingfisher
    - ProgressHUD
    - SnapKit
    - SwiftLint

SPEC CHECKSUMS:
  CountdownLabel: c9975e3f329140b5e7d1f45cd63b1300badd1712
  CRRefresh: 1415d4ae06837fa7bb064c44f2e102f3ef517044
  GoogleMaps: 54762190c9741867d03e4e4218672ab5a0a8096b
  GooglePlaces: b922e192c50994436900ef14d19f84971950250b
  IQKeyboardManagerSwift: 12d89768845bb77b55cc092ecc2b1f9370f06b76
  KeychainAccess: c0c4f7f38f6fc7bbe58f5702e25f7bd2f65abf51
  Kingfisher: a18f05d3b6d37d8650ee4a3e61d57a28fc6207f6
  ProgressHUD: e603e8b8622c47d8818b9fb38b3cfe9d3e7ca421
  SnapKit: e01d52ebb8ddbc333eefe2132acf85c8227d9c25
  SwiftLint: c1de071d9d08c8aba837545f6254315bc900e211

PODFILE CHECKSUM: d8154c3ae958fb533c106cddfa898bc293d97631

COCOAPODS: 1.12.1
