// !$*UTF8*$!
{
	archiveVersion = 1;
	classes = {
	};
	objectVersion = 56;
	objects = {

/* Begin PBXBuildFile section */
		9D1DC7A12B182F9A00B31EB4 /* FakeData.swift in Sources */ = {isa = PBXBuildFile; fileRef = 9D1DC7A02B182F9A00B31EB4 /* FakeData.swift */; };
		9D5F7BD22B0C6F8100FAB24D /* CloudStorageManager.swift in Sources */ = {isa = PBXBuildFile; fileRef = 9D5F7BD12B0C6F8100FAB24D /* CloudStorageManager.swift */; };
		9D5F7BD82B0CAB0300FAB24D /* GoogleService-Info.plist in Resources */ = {isa = PBXBuildFile; fileRef = 9D5F7BD72B0CAB0300FAB24D /* GoogleService-Info.plist */; };
		9DC1B7472B2C4CEF0063E667 /* AuthManager.swift in Sources */ = {isa = PBXBuildFile; fileRef = 9DC1B7462B2C4CEF0063E667 /* AuthManager.swift */; };
		9DC1B7492B2C4F630063E667 /* AuthState.swift in Sources */ = {isa = PBXBuildFile; fileRef = 9DC1B7482B2C4F630063E667 /* AuthState.swift */; };
		9DC1B74B2B2C50400063E667 /* SignInViewController.swift in Sources */ = {isa = PBXBuildFile; fileRef = 9DC1B74A2B2C50400063E667 /* SignInViewController.swift */; };
		9DC1B74D2B2C51D40063E667 /* Info.swift in Sources */ = {isa = PBXBuildFile; fileRef = 9DC1B74C2B2C51D40063E667 /* Info.swift */; };
		9DC1B74F2B2EEC500063E667 /* SetUpAccountViewController.swift in Sources */ = {isa = PBXBuildFile; fileRef = 9DC1B74E2B2EEC500063E667 /* SetUpAccountViewController.swift */; };
		9DC1B7522B302EE20063E667 /* AudioBlockDraftCell.swift in Sources */ = {isa = PBXBuildFile; fileRef = 9DC1B7512B302EE20063E667 /* AudioBlockDraftCell.swift */; };
		9DC1B7542B3030750063E667 /* AudioRecordViewController.swift in Sources */ = {isa = PBXBuildFile; fileRef = 9DC1B7532B3030750063E667 /* AudioRecordViewController.swift */; };
		9DC1B7562B3043A00063E667 /* AudioManager.swift in Sources */ = {isa = PBXBuildFile; fileRef = 9DC1B7552B3043A00063E667 /* AudioManager.swift */; };
		9DC1B7592B304B260063E667 /* DSWaveformImage in Frameworks */ = {isa = PBXBuildFile; productRef = 9DC1B7582B304B260063E667 /* DSWaveformImage */; };
		9DC1B75B2B304B260063E667 /* DSWaveformImageViews in Frameworks */ = {isa = PBXBuildFile; productRef = 9DC1B75A2B304B260063E667 /* DSWaveformImageViews */; };
		9DC1B75E2B3175E80063E667 /* TimerViewController.swift in Sources */ = {isa = PBXBuildFile; fileRef = 9DC1B75D2B3175E80063E667 /* TimerViewController.swift */; };
		9DC1B7602B3293EF0063E667 /* AudioBlockView.swift in Sources */ = {isa = PBXBuildFile; fileRef = 9DC1B75F2B3293EF0063E667 /* AudioBlockView.swift */; };
		9DC1B7622B3294080063E667 /* AudioScrollView.swift in Sources */ = {isa = PBXBuildFile; fileRef = 9DC1B7612B3294080063E667 /* AudioScrollView.swift */; };
		9DC1B7652B34307A0063E667 /* DSWaveFormImageWrapper.swift in Sources */ = {isa = PBXBuildFile; fileRef = 9DC1B7642B34307A0063E667 /* DSWaveFormImageWrapper.swift */; };
		9DC1B7692B3437140063E667 /* HomeTableViewImageAudioCell.swift in Sources */ = {isa = PBXBuildFile; fileRef = 9DC1B7682B3437140063E667 /* HomeTableViewImageAudioCell.swift */; };
		9DC6AFA02B19C2BA002D812C /* GooglePlacesManager.swift in Sources */ = {isa = PBXBuildFile; fileRef = 9DC6AF9F2B19C2BA002D812C /* GooglePlacesManager.swift */; };
		9DC6AFA42B1B436C002D812C /* Place.swift in Sources */ = {isa = PBXBuildFile; fileRef = 9DC6AFA32B1B436C002D812C /* Place.swift */; };
		9DC6AFA62B1B6CAE002D812C /* CLLocationCoordinate2D + Extension.swift in Sources */ = {isa = PBXBuildFile; fileRef = 9DC6AFA52B1B6CAE002D812C /* CLLocationCoordinate2D + Extension.swift */; };
		9DC6AFA82B1D6651002D812C /* ImageScrollView.swift in Sources */ = {isa = PBXBuildFile; fileRef = 9DC6AFA72B1D6651002D812C /* ImageScrollView.swift */; };
		9DC6AFAC2B1DB502002D812C /* NewsletterHeaderViewCell.swift in Sources */ = {isa = PBXBuildFile; fileRef = 9DC6AFAB2B1DB502002D812C /* NewsletterHeaderViewCell.swift */; };
		9DC6AFB02B1DD7F0002D812C /* StackTextBlockView.swift in Sources */ = {isa = PBXBuildFile; fileRef = 9DC6AFAF2B1DD7F0002D812C /* StackTextBlockView.swift */; };
		9DC6AFB22B1DDE37002D812C /* ITBaseCollectionViewController.swift in Sources */ = {isa = PBXBuildFile; fileRef = 9DC6AFB12B1DDE37002D812C /* ITBaseCollectionViewController.swift */; };
		9DC6AFB42B1DE388002D812C /* HomeCollectionViewCell.swift in Sources */ = {isa = PBXBuildFile; fileRef = 9DC6AFB32B1DE388002D812C /* HomeCollectionViewCell.swift */; };
		9DC6AFB62B1F2C0F002D812C /* Array + Extension.swift in Sources */ = {isa = PBXBuildFile; fileRef = 9DC6AFB52B1F2C0F002D812C /* Array + Extension.swift */; };
		9DC6AFB92B1F8C62002D812C /* MKUserAnnotationView.swift in Sources */ = {isa = PBXBuildFile; fileRef = 9DC6AFB82B1F8C62002D812C /* MKUserAnnotationView.swift */; };
		9DC6AFBB2B2033AB002D812C /* KeychainManager.swift in Sources */ = {isa = PBXBuildFile; fileRef = 9DC6AFBA2B2033AB002D812C /* KeychainManager.swift */; };
		9DC6AFBE2B204125002D812C /* AddGroupViewController.swift in Sources */ = {isa = PBXBuildFile; fileRef = 9DC6AFBD2B204125002D812C /* AddGroupViewController.swift */; };
		9DC6AFC02B2069A6002D812C /* CreateGroupViewController.swift in Sources */ = {isa = PBXBuildFile; fileRef = 9DC6AFBF2B2069A6002D812C /* CreateGroupViewController.swift */; };
		9DC6AFC22B2069B1002D812C /* JoinGroupViewController.swift in Sources */ = {isa = PBXBuildFile; fileRef = 9DC6AFC12B2069B1002D812C /* JoinGroupViewController.swift */; };
		9DC6AFC42B21E12F002D812C /* ConfirmJoinGroupViewController.swift in Sources */ = {isa = PBXBuildFile; fileRef = 9DC6AFC32B21E12F002D812C /* ConfirmJoinGroupViewController.swift */; };
		9DC6AFC62B21E978002D812C /* UITextField + Extension.swift in Sources */ = {isa = PBXBuildFile; fileRef = 9DC6AFC52B21E978002D812C /* UITextField + Extension.swift */; };
		9DC6AFC92B22E182002D812C /* ProfileViewController.swift in Sources */ = {isa = PBXBuildFile; fileRef = 9DC6AFC82B22E182002D812C /* ProfileViewController.swift */; };
		9DC6AFCD2B22F6A1002D812C /* IconsCollectionViewCell.swift in Sources */ = {isa = PBXBuildFile; fileRef = 9DC6AFCC2B22F6A1002D812C /* IconsCollectionViewCell.swift */; };
		9DC6AFCF2B22F875002D812C /* ProfileHeaderView.swift in Sources */ = {isa = PBXBuildFile; fileRef = 9DC6AFCE2B22F875002D812C /* ProfileHeaderView.swift */; };
		9DC6AFD12B230312002D812C /* IconAddCollectionViewCell.swift in Sources */ = {isa = PBXBuildFile; fileRef = 9DC6AFD02B230312002D812C /* IconAddCollectionViewCell.swift */; };
		9DC6AFD32B23104C002D812C /* GroupProfileViewController.swift in Sources */ = {isa = PBXBuildFile; fileRef = 9DC6AFD22B23104C002D812C /* GroupProfileViewController.swift */; };
		9DC6AFD52B262BA4002D812C /* GroupSettingsViewController.swift in Sources */ = {isa = PBXBuildFile; fileRef = 9DC6AFD42B262BA4002D812C /* GroupSettingsViewController.swift */; };
		9DC6AFD72B262EF7002D812C /* Assets.xcassets in Resources */ = {isa = PBXBuildFile; fileRef = 9DC6AFD62B262EF7002D812C /* Assets.xcassets */; };
		9DDEE1912B26A9EF00343DDC /* EditGroupNameViewController.swift in Sources */ = {isa = PBXBuildFile; fileRef = 9DDEE1902B26A9EF00343DDC /* EditGroupNameViewController.swift */; };
		9DDEE1932B26D30C00343DDC /* GroupSettingsTableViewCell.swift in Sources */ = {isa = PBXBuildFile; fileRef = 9DDEE1922B26D30C00343DDC /* GroupSettingsTableViewCell.swift */; };
		9DDEE1952B27030E00343DDC /* ProfileNewsletterTableViewCell.swift in Sources */ = {isa = PBXBuildFile; fileRef = 9DDEE1942B27030E00343DDC /* ProfileNewsletterTableViewCell.swift */; };
		9DDEE1972B28414200343DDC /* MarkerObject.swift in Sources */ = {isa = PBXBuildFile; fileRef = 9DDEE1962B28414200343DDC /* MarkerObject.swift */; };
		9DDEE1992B285D0200343DDC /* MapDetailViewController.swift in Sources */ = {isa = PBXBuildFile; fileRef = 9DDEE1982B285D0200343DDC /* MapDetailViewController.swift */; };
		9DE69C562B05F77800AE7AEE /* AppDelegate.swift in Sources */ = {isa = PBXBuildFile; fileRef = 9DE69C552B05F77800AE7AEE /* AppDelegate.swift */; };
		9DE69C582B05F77800AE7AEE /* SceneDelegate.swift in Sources */ = {isa = PBXBuildFile; fileRef = 9DE69C572B05F77800AE7AEE /* SceneDelegate.swift */; };
		9DE69C5A2B05F77800AE7AEE /* ITBaseViewController.swift in Sources */ = {isa = PBXBuildFile; fileRef = 9DE69C592B05F77800AE7AEE /* ITBaseViewController.swift */; };
		9DE69C5D2B05F77800AE7AEE /* Main.storyboard in Resources */ = {isa = PBXBuildFile; fileRef = 9DE69C5B2B05F77800AE7AEE /* Main.storyboard */; };
		9DE69C622B05F77900AE7AEE /* LaunchScreen.storyboard in Resources */ = {isa = PBXBuildFile; fileRef = 9DE69C602B05F77900AE7AEE /* LaunchScreen.storyboard */; };
		9DE69C6D2B05F77900AE7AEE /* InTouchTests.swift in Sources */ = {isa = PBXBuildFile; fileRef = 9DE69C6C2B05F77900AE7AEE /* InTouchTests.swift */; };
		9DE69C772B05F77900AE7AEE /* InTouchUITests.swift in Sources */ = {isa = PBXBuildFile; fileRef = 9DE69C762B05F77900AE7AEE /* InTouchUITests.swift */; };
		9DE69C792B05F77900AE7AEE /* InTouchUITestsLaunchTests.swift in Sources */ = {isa = PBXBuildFile; fileRef = 9DE69C782B05F77900AE7AEE /* InTouchUITestsLaunchTests.swift */; };
		9DEEE8692B0DE841006B4496 /* TextBlockView.swift in Sources */ = {isa = PBXBuildFile; fileRef = 9DEEE8682B0DE841006B4496 /* TextBlockView.swift */; };
		9DEEE86B2B0DE8CB006B4496 /* HomeTableViewCell.swift in Sources */ = {isa = PBXBuildFile; fileRef = 9DEEE86A2B0DE8CB006B4496 /* HomeTableViewCell.swift */; };
		9DEEE8702B0F23CA006B4496 /* Date + Extension.swift in Sources */ = {isa = PBXBuildFile; fileRef = 9DEEE86F2B0F23CA006B4496 /* Date + Extension.swift */; };
		9DEEE8722B0F2E7A006B4496 /* GroupObject.swift in Sources */ = {isa = PBXBuildFile; fileRef = 9DEEE8712B0F2E7A006B4496 /* GroupObject.swift */; };
		9DEEE8742B0F2F32006B4496 /* NewsLetterObject.swift in Sources */ = {isa = PBXBuildFile; fileRef = 9DEEE8732B0F2F32006B4496 /* NewsLetterObject.swift */; };
		9DEEE8782B105136006B4496 /* UserBlockView.swift in Sources */ = {isa = PBXBuildFile; fileRef = 9DEEE8772B105136006B4496 /* UserBlockView.swift */; };
		9DEEE87A2B10A8DB006B4496 /* ImageBlockView.swift in Sources */ = {isa = PBXBuildFile; fileRef = 9DEEE8792B10A8DB006B4496 /* ImageBlockView.swift */; };
		9DEEE87C2B130EA0006B4496 /* KingFisherWrapper.swift in Sources */ = {isa = PBXBuildFile; fileRef = 9DEEE87B2B130EA0006B4496 /* KingFisherWrapper.swift */; };
		9DEEE87E2B1443F1006B4496 /* HomeTableViewTextCell.swift in Sources */ = {isa = PBXBuildFile; fileRef = 9DEEE87D2B1443F1006B4496 /* HomeTableViewTextCell.swift */; };
		9DEEE8802B145C66006B4496 /* HomeTableViewImageCell.swift in Sources */ = {isa = PBXBuildFile; fileRef = 9DEEE87F2B145C66006B4496 /* HomeTableViewImageCell.swift */; };
		9DF8AAA12B07483300F5D3D3 /* ITBaseNavigationController.swift in Sources */ = {isa = PBXBuildFile; fileRef = 9DF8AAA02B07483300F5D3D3 /* ITBaseNavigationController.swift */; };
		9DF8AAA32B07485300F5D3D3 /* ITTabBarViewController.swift in Sources */ = {isa = PBXBuildFile; fileRef = 9DF8AAA22B07485300F5D3D3 /* ITTabBarViewController.swift */; };
		9DF8AAA82B074E8400F5D3D3 /* HomeViewController.swift in Sources */ = {isa = PBXBuildFile; fileRef = 9DF8AAA72B074E8400F5D3D3 /* HomeViewController.swift */; };
		9DF8AAAA2B074EB800F5D3D3 /* DraftViewController.swift in Sources */ = {isa = PBXBuildFile; fileRef = 9DF8AAA92B074EB800F5D3D3 /* DraftViewController.swift */; };
		9DF8AAAC2B074EC500F5D3D3 /* MapViewController.swift in Sources */ = {isa = PBXBuildFile; fileRef = 9DF8AAAB2B074EC500F5D3D3 /* MapViewController.swift */; };
		9DF8AAAE2B074ED700F5D3D3 /* ActivityViewController.swift in Sources */ = {isa = PBXBuildFile; fileRef = 9DF8AAAD2B074ED700F5D3D3 /* ActivityViewController.swift */; };
		9DF8AAB32B075B5A00F5D3D3 /* FirebaseAnalytics in Frameworks */ = {isa = PBXBuildFile; productRef = 9DF8AAB22B075B5A00F5D3D3 /* FirebaseAnalytics */; };
		9DF8AAB52B075B5A00F5D3D3 /* FirebaseAuth in Frameworks */ = {isa = PBXBuildFile; productRef = 9DF8AAB42B075B5A00F5D3D3 /* FirebaseAuth */; };
		9DF8AAB72B075B5A00F5D3D3 /* FirebaseCrashlytics in Frameworks */ = {isa = PBXBuildFile; productRef = 9DF8AAB62B075B5A00F5D3D3 /* FirebaseCrashlytics */; };
		9DF8AAB92B075B5A00F5D3D3 /* FirebaseDynamicLinks in Frameworks */ = {isa = PBXBuildFile; productRef = 9DF8AAB82B075B5A00F5D3D3 /* FirebaseDynamicLinks */; };
		9DF8AABB2B075B5A00F5D3D3 /* FirebaseFirestore in Frameworks */ = {isa = PBXBuildFile; productRef = 9DF8AABA2B075B5A00F5D3D3 /* FirebaseFirestore */; };
		9DF8AABD2B075B5A00F5D3D3 /* FirebaseFirestoreSwift in Frameworks */ = {isa = PBXBuildFile; productRef = 9DF8AABC2B075B5A00F5D3D3 /* FirebaseFirestoreSwift */; };
		9DF8AABF2B075B5A00F5D3D3 /* FirebaseStorage in Frameworks */ = {isa = PBXBuildFile; productRef = 9DF8AABE2B075B5A00F5D3D3 /* FirebaseStorage */; };
		9DF8AAC22B07603200F5D3D3 /* TextBlockDraftCell.swift in Sources */ = {isa = PBXBuildFile; fileRef = 9DF8AAC12B07603200F5D3D3 /* TextBlockDraftCell.swift */; };
		9DF8AAC42B07604B00F5D3D3 /* ImageBlockDraftCell.swift in Sources */ = {isa = PBXBuildFile; fileRef = 9DF8AAC32B07604B00F5D3D3 /* ImageBlockDraftCell.swift */; };
		9DF8AAC62B07632A00F5D3D3 /* UIView + Extension.swift in Sources */ = {isa = PBXBuildFile; fileRef = 9DF8AAC52B07632A00F5D3D3 /* UIView + Extension.swift */; };
		9DF8AAC82B07633400F5D3D3 /* UIColor + Extension.swift in Sources */ = {isa = PBXBuildFile; fileRef = 9DF8AAC72B07633400F5D3D3 /* UIColor + Extension.swift */; };
		9DF8AACA2B07634400F5D3D3 /* UIFont + Extension.swift in Sources */ = {isa = PBXBuildFile; fileRef = 9DF8AAC92B07634400F5D3D3 /* UIFont + Extension.swift */; };
		9DF8AACF2B07E00400F5D3D3 /* CRRefreshWrapper.swift in Sources */ = {isa = PBXBuildFile; fileRef = 9DF8AACE2B07E00400F5D3D3 /* CRRefreshWrapper.swift */; };
		9DF8AAD12B07E11000F5D3D3 /* ITBaseTableViewController.swift in Sources */ = {isa = PBXBuildFile; fileRef = 9DF8AAD02B07E11000F5D3D3 /* ITBaseTableViewController.swift */; };
		9DF8AAD32B086AE600F5D3D3 /* DraftTableSectionHeaderView.swift in Sources */ = {isa = PBXBuildFile; fileRef = 9DF8AAD22B086AE600F5D3D3 /* DraftTableSectionHeaderView.swift */; };
		9DF8AAD72B0AFD0100F5D3D3 /* ButtonsScrollView.swift in Sources */ = {isa = PBXBuildFile; fileRef = 9DF8AAD62B0AFD0100F5D3D3 /* ButtonsScrollView.swift */; };
		9DF8AAD92B0B1F2100F5D3D3 /* DraftTableHeaderView.swift in Sources */ = {isa = PBXBuildFile; fileRef = 9DF8AAD82B0B1F2100F5D3D3 /* DraftTableHeaderView.swift */; };
		9DF8AADC2B0B3EEA00F5D3D3 /* UserObject.swift in Sources */ = {isa = PBXBuildFile; fileRef = 9DF8AADB2B0B3EEA00F5D3D3 /* UserObject.swift */; };
		9DF8AADF2B0B422200F5D3D3 /* FirestoreManager.swift in Sources */ = {isa = PBXBuildFile; fileRef = 9DF8AADE2B0B422200F5D3D3 /* FirestoreManager.swift */; };
		B6FC225D02933FF63827F4F7 /* Pods_InTouch_InTouchUITests.framework in Frameworks */ = {isa = PBXBuildFile; fileRef = 8BAF04407494FA72B72D204C /* Pods_InTouch_InTouchUITests.framework */; };
		CE100B01453148B6A1F736E4 /* Pods_InTouchTests.framework in Frameworks */ = {isa = PBXBuildFile; fileRef = 2B26B67E123D62F398AE5652 /* Pods_InTouchTests.framework */; };
		DF61BEB1184C77011185ED02 /* Pods_InTouch.framework in Frameworks */ = {isa = PBXBuildFile; fileRef = 62402959519EFF64ABCF9A1B /* Pods_InTouch.framework */; };
/* End PBXBuildFile section */

/* Begin PBXContainerItemProxy section */
		9DE69C692B05F77900AE7AEE /* PBXContainerItemProxy */ = {
			isa = PBXContainerItemProxy;
			containerPortal = 9DE69C4A2B05F77800AE7AEE /* Project object */;
			proxyType = 1;
			remoteGlobalIDString = 9DE69C512B05F77800AE7AEE;
			remoteInfo = InTouch;
		};
		9DE69C732B05F77900AE7AEE /* PBXContainerItemProxy */ = {
			isa = PBXContainerItemProxy;
			containerPortal = 9DE69C4A2B05F77800AE7AEE /* Project object */;
			proxyType = 1;
			remoteGlobalIDString = 9DE69C512B05F77800AE7AEE;
			remoteInfo = InTouch;
		};
/* End PBXContainerItemProxy section */

/* Begin PBXFileReference section */
		2B26B67E123D62F398AE5652 /* Pods_InTouchTests.framework */ = {isa = PBXFileReference; explicitFileType = wrapper.framework; includeInIndex = 0; path = Pods_InTouchTests.framework; sourceTree = BUILT_PRODUCTS_DIR; };
		4C78600CE877DAD7B988A638 /* Pods-InTouchTests.debug.xcconfig */ = {isa = PBXFileReference; includeInIndex = 1; lastKnownFileType = text.xcconfig; name = "Pods-InTouchTests.debug.xcconfig"; path = "Target Support Files/Pods-InTouchTests/Pods-InTouchTests.debug.xcconfig"; sourceTree = "<group>"; };
		62402959519EFF64ABCF9A1B /* Pods_InTouch.framework */ = {isa = PBXFileReference; explicitFileType = wrapper.framework; includeInIndex = 0; path = Pods_InTouch.framework; sourceTree = BUILT_PRODUCTS_DIR; };
		73B439C99D88FFBC84CACDD7 /* Pods-InTouch-InTouchUITests.debug.xcconfig */ = {isa = PBXFileReference; includeInIndex = 1; lastKnownFileType = text.xcconfig; name = "Pods-InTouch-InTouchUITests.debug.xcconfig"; path = "Target Support Files/Pods-InTouch-InTouchUITests/Pods-InTouch-InTouchUITests.debug.xcconfig"; sourceTree = "<group>"; };
		82D8F9EBFF6935A6B98CBAD2 /* Pods-InTouchTests.release.xcconfig */ = {isa = PBXFileReference; includeInIndex = 1; lastKnownFileType = text.xcconfig; name = "Pods-InTouchTests.release.xcconfig"; path = "Target Support Files/Pods-InTouchTests/Pods-InTouchTests.release.xcconfig"; sourceTree = "<group>"; };
		8BAF04407494FA72B72D204C /* Pods_InTouch_InTouchUITests.framework */ = {isa = PBXFileReference; explicitFileType = wrapper.framework; includeInIndex = 0; path = Pods_InTouch_InTouchUITests.framework; sourceTree = BUILT_PRODUCTS_DIR; };
		9D1DC7A02B182F9A00B31EB4 /* FakeData.swift */ = {isa = PBXFileReference; lastKnownFileType = sourcecode.swift; path = FakeData.swift; sourceTree = "<group>"; };
		9D5F7BD12B0C6F8100FAB24D /* CloudStorageManager.swift */ = {isa = PBXFileReference; lastKnownFileType = sourcecode.swift; path = CloudStorageManager.swift; sourceTree = "<group>"; };
		9D5F7BD72B0CAB0300FAB24D /* GoogleService-Info.plist */ = {isa = PBXFileReference; fileEncoding = 4; lastKnownFileType = text.plist.xml; path = "GoogleService-Info.plist"; sourceTree = "<group>"; };
		9DC1B7462B2C4CEF0063E667 /* AuthManager.swift */ = {isa = PBXFileReference; lastKnownFileType = sourcecode.swift; path = AuthManager.swift; sourceTree = "<group>"; };
		9DC1B7482B2C4F630063E667 /* AuthState.swift */ = {isa = PBXFileReference; lastKnownFileType = sourcecode.swift; path = AuthState.swift; sourceTree = "<group>"; };
		9DC1B74A2B2C50400063E667 /* SignInViewController.swift */ = {isa = PBXFileReference; lastKnownFileType = sourcecode.swift; path = SignInViewController.swift; sourceTree = "<group>"; };
		9DC1B74C2B2C51D40063E667 /* Info.swift */ = {isa = PBXFileReference; lastKnownFileType = sourcecode.swift; path = Info.swift; sourceTree = "<group>"; };
		9DC1B74E2B2EEC500063E667 /* SetUpAccountViewController.swift */ = {isa = PBXFileReference; lastKnownFileType = sourcecode.swift; path = SetUpAccountViewController.swift; sourceTree = "<group>"; };
		9DC1B7512B302EE20063E667 /* AudioBlockDraftCell.swift */ = {isa = PBXFileReference; lastKnownFileType = sourcecode.swift; path = AudioBlockDraftCell.swift; sourceTree = "<group>"; };
		9DC1B7532B3030750063E667 /* AudioRecordViewController.swift */ = {isa = PBXFileReference; lastKnownFileType = sourcecode.swift; path = AudioRecordViewController.swift; sourceTree = "<group>"; };
		9DC1B7552B3043A00063E667 /* AudioManager.swift */ = {isa = PBXFileReference; lastKnownFileType = sourcecode.swift; path = AudioManager.swift; sourceTree = "<group>"; };
		9DC1B75D2B3175E80063E667 /* TimerViewController.swift */ = {isa = PBXFileReference; lastKnownFileType = sourcecode.swift; path = TimerViewController.swift; sourceTree = "<group>"; };
		9DC1B75F2B3293EF0063E667 /* AudioBlockView.swift */ = {isa = PBXFileReference; lastKnownFileType = sourcecode.swift; path = AudioBlockView.swift; sourceTree = "<group>"; };
		9DC1B7612B3294080063E667 /* AudioScrollView.swift */ = {isa = PBXFileReference; lastKnownFileType = sourcecode.swift; path = AudioScrollView.swift; sourceTree = "<group>"; };
		9DC1B7642B34307A0063E667 /* DSWaveFormImageWrapper.swift */ = {isa = PBXFileReference; lastKnownFileType = sourcecode.swift; path = DSWaveFormImageWrapper.swift; sourceTree = "<group>"; };
		9DC1B7682B3437140063E667 /* HomeTableViewImageAudioCell.swift */ = {isa = PBXFileReference; lastKnownFileType = sourcecode.swift; path = HomeTableViewImageAudioCell.swift; sourceTree = "<group>"; };
		9DC6AF9F2B19C2BA002D812C /* GooglePlacesManager.swift */ = {isa = PBXFileReference; lastKnownFileType = sourcecode.swift; path = GooglePlacesManager.swift; sourceTree = "<group>"; };
		9DC6AFA32B1B436C002D812C /* Place.swift */ = {isa = PBXFileReference; lastKnownFileType = sourcecode.swift; path = Place.swift; sourceTree = "<group>"; };
		9DC6AFA52B1B6CAE002D812C /* CLLocationCoordinate2D + Extension.swift */ = {isa = PBXFileReference; lastKnownFileType = sourcecode.swift; path = "CLLocationCoordinate2D + Extension.swift"; sourceTree = "<group>"; };
		9DC6AFA72B1D6651002D812C /* ImageScrollView.swift */ = {isa = PBXFileReference; lastKnownFileType = sourcecode.swift; path = ImageScrollView.swift; sourceTree = "<group>"; };
		9DC6AFAB2B1DB502002D812C /* NewsletterHeaderViewCell.swift */ = {isa = PBXFileReference; lastKnownFileType = sourcecode.swift; path = NewsletterHeaderViewCell.swift; sourceTree = "<group>"; };
		9DC6AFAF2B1DD7F0002D812C /* StackTextBlockView.swift */ = {isa = PBXFileReference; lastKnownFileType = sourcecode.swift; path = StackTextBlockView.swift; sourceTree = "<group>"; };
		9DC6AFB12B1DDE37002D812C /* ITBaseCollectionViewController.swift */ = {isa = PBXFileReference; lastKnownFileType = sourcecode.swift; path = ITBaseCollectionViewController.swift; sourceTree = "<group>"; };
		9DC6AFB32B1DE388002D812C /* HomeCollectionViewCell.swift */ = {isa = PBXFileReference; lastKnownFileType = sourcecode.swift; path = HomeCollectionViewCell.swift; sourceTree = "<group>"; };
		9DC6AFB52B1F2C0F002D812C /* Array + Extension.swift */ = {isa = PBXFileReference; lastKnownFileType = sourcecode.swift; path = "Array + Extension.swift"; sourceTree = "<group>"; };
		9DC6AFB82B1F8C62002D812C /* MKUserAnnotationView.swift */ = {isa = PBXFileReference; lastKnownFileType = sourcecode.swift; path = MKUserAnnotationView.swift; sourceTree = "<group>"; };
		9DC6AFBA2B2033AB002D812C /* KeychainManager.swift */ = {isa = PBXFileReference; lastKnownFileType = sourcecode.swift; path = KeychainManager.swift; sourceTree = "<group>"; };
		9DC6AFBD2B204125002D812C /* AddGroupViewController.swift */ = {isa = PBXFileReference; lastKnownFileType = sourcecode.swift; path = AddGroupViewController.swift; sourceTree = "<group>"; };
		9DC6AFBF2B2069A6002D812C /* CreateGroupViewController.swift */ = {isa = PBXFileReference; lastKnownFileType = sourcecode.swift; path = CreateGroupViewController.swift; sourceTree = "<group>"; };
		9DC6AFC12B2069B1002D812C /* JoinGroupViewController.swift */ = {isa = PBXFileReference; lastKnownFileType = sourcecode.swift; path = JoinGroupViewController.swift; sourceTree = "<group>"; };
		9DC6AFC32B21E12F002D812C /* ConfirmJoinGroupViewController.swift */ = {isa = PBXFileReference; lastKnownFileType = sourcecode.swift; path = ConfirmJoinGroupViewController.swift; sourceTree = "<group>"; };
		9DC6AFC52B21E978002D812C /* UITextField + Extension.swift */ = {isa = PBXFileReference; lastKnownFileType = sourcecode.swift; path = "UITextField + Extension.swift"; sourceTree = "<group>"; };
		9DC6AFC82B22E182002D812C /* ProfileViewController.swift */ = {isa = PBXFileReference; lastKnownFileType = sourcecode.swift; path = ProfileViewController.swift; sourceTree = "<group>"; };
		9DC6AFCC2B22F6A1002D812C /* IconsCollectionViewCell.swift */ = {isa = PBXFileReference; lastKnownFileType = sourcecode.swift; path = IconsCollectionViewCell.swift; sourceTree = "<group>"; };
		9DC6AFCE2B22F875002D812C /* ProfileHeaderView.swift */ = {isa = PBXFileReference; lastKnownFileType = sourcecode.swift; path = ProfileHeaderView.swift; sourceTree = "<group>"; };
		9DC6AFD02B230312002D812C /* IconAddCollectionViewCell.swift */ = {isa = PBXFileReference; lastKnownFileType = sourcecode.swift; path = IconAddCollectionViewCell.swift; sourceTree = "<group>"; };
		9DC6AFD22B23104C002D812C /* GroupProfileViewController.swift */ = {isa = PBXFileReference; lastKnownFileType = sourcecode.swift; path = GroupProfileViewController.swift; sourceTree = "<group>"; };
		9DC6AFD42B262BA4002D812C /* GroupSettingsViewController.swift */ = {isa = PBXFileReference; lastKnownFileType = sourcecode.swift; path = GroupSettingsViewController.swift; sourceTree = "<group>"; };
		9DC6AFD62B262EF7002D812C /* Assets.xcassets */ = {isa = PBXFileReference; lastKnownFileType = folder.assetcatalog; path = Assets.xcassets; sourceTree = "<group>"; };
		9DDEE1902B26A9EF00343DDC /* EditGroupNameViewController.swift */ = {isa = PBXFileReference; lastKnownFileType = sourcecode.swift; path = EditGroupNameViewController.swift; sourceTree = "<group>"; };
		9DDEE1922B26D30C00343DDC /* GroupSettingsTableViewCell.swift */ = {isa = PBXFileReference; lastKnownFileType = sourcecode.swift; path = GroupSettingsTableViewCell.swift; sourceTree = "<group>"; };
		9DDEE1942B27030E00343DDC /* ProfileNewsletterTableViewCell.swift */ = {isa = PBXFileReference; lastKnownFileType = sourcecode.swift; path = ProfileNewsletterTableViewCell.swift; sourceTree = "<group>"; };
		9DDEE1962B28414200343DDC /* MarkerObject.swift */ = {isa = PBXFileReference; lastKnownFileType = sourcecode.swift; path = MarkerObject.swift; sourceTree = "<group>"; };
		9DDEE1982B285D0200343DDC /* MapDetailViewController.swift */ = {isa = PBXFileReference; lastKnownFileType = sourcecode.swift; path = MapDetailViewController.swift; sourceTree = "<group>"; };
		9DE69C522B05F77800AE7AEE /* InTouch.app */ = {isa = PBXFileReference; explicitFileType = wrapper.application; includeInIndex = 0; path = InTouch.app; sourceTree = BUILT_PRODUCTS_DIR; };
		9DE69C552B05F77800AE7AEE /* AppDelegate.swift */ = {isa = PBXFileReference; lastKnownFileType = sourcecode.swift; path = AppDelegate.swift; sourceTree = "<group>"; };
		9DE69C572B05F77800AE7AEE /* SceneDelegate.swift */ = {isa = PBXFileReference; lastKnownFileType = sourcecode.swift; path = SceneDelegate.swift; sourceTree = "<group>"; };
		9DE69C592B05F77800AE7AEE /* ITBaseViewController.swift */ = {isa = PBXFileReference; lastKnownFileType = sourcecode.swift; path = ITBaseViewController.swift; sourceTree = "<group>"; };
		9DE69C5C2B05F77800AE7AEE /* Base */ = {isa = PBXFileReference; lastKnownFileType = file.storyboard; name = Base; path = Base.lproj/Main.storyboard; sourceTree = "<group>"; };
		9DE69C612B05F77900AE7AEE /* Base */ = {isa = PBXFileReference; lastKnownFileType = file.storyboard; name = Base; path = Base.lproj/LaunchScreen.storyboard; sourceTree = "<group>"; };
		9DE69C632B05F77900AE7AEE /* Info.plist */ = {isa = PBXFileReference; lastKnownFileType = text.plist.xml; path = Info.plist; sourceTree = "<group>"; };
		9DE69C682B05F77900AE7AEE /* InTouchTests.xctest */ = {isa = PBXFileReference; explicitFileType = wrapper.cfbundle; includeInIndex = 0; path = InTouchTests.xctest; sourceTree = BUILT_PRODUCTS_DIR; };
		9DE69C6C2B05F77900AE7AEE /* InTouchTests.swift */ = {isa = PBXFileReference; lastKnownFileType = sourcecode.swift; path = InTouchTests.swift; sourceTree = "<group>"; };
		9DE69C722B05F77900AE7AEE /* InTouchUITests.xctest */ = {isa = PBXFileReference; explicitFileType = wrapper.cfbundle; includeInIndex = 0; path = InTouchUITests.xctest; sourceTree = BUILT_PRODUCTS_DIR; };
		9DE69C762B05F77900AE7AEE /* InTouchUITests.swift */ = {isa = PBXFileReference; lastKnownFileType = sourcecode.swift; path = InTouchUITests.swift; sourceTree = "<group>"; };
		9DE69C782B05F77900AE7AEE /* InTouchUITestsLaunchTests.swift */ = {isa = PBXFileReference; lastKnownFileType = sourcecode.swift; path = InTouchUITestsLaunchTests.swift; sourceTree = "<group>"; };
		9DEEE8682B0DE841006B4496 /* TextBlockView.swift */ = {isa = PBXFileReference; lastKnownFileType = sourcecode.swift; path = TextBlockView.swift; sourceTree = "<group>"; };
		9DEEE86A2B0DE8CB006B4496 /* HomeTableViewCell.swift */ = {isa = PBXFileReference; lastKnownFileType = sourcecode.swift; path = HomeTableViewCell.swift; sourceTree = "<group>"; };
		9DEEE86F2B0F23CA006B4496 /* Date + Extension.swift */ = {isa = PBXFileReference; lastKnownFileType = sourcecode.swift; path = "Date + Extension.swift"; sourceTree = "<group>"; };
		9DEEE8712B0F2E7A006B4496 /* GroupObject.swift */ = {isa = PBXFileReference; lastKnownFileType = sourcecode.swift; path = GroupObject.swift; sourceTree = "<group>"; };
		9DEEE8732B0F2F32006B4496 /* NewsLetterObject.swift */ = {isa = PBXFileReference; lastKnownFileType = sourcecode.swift; path = NewsLetterObject.swift; sourceTree = "<group>"; };
		9DEEE8772B105136006B4496 /* UserBlockView.swift */ = {isa = PBXFileReference; lastKnownFileType = sourcecode.swift; path = UserBlockView.swift; sourceTree = "<group>"; };
		9DEEE8792B10A8DB006B4496 /* ImageBlockView.swift */ = {isa = PBXFileReference; lastKnownFileType = sourcecode.swift; path = ImageBlockView.swift; sourceTree = "<group>"; };
		9DEEE87B2B130EA0006B4496 /* KingFisherWrapper.swift */ = {isa = PBXFileReference; lastKnownFileType = sourcecode.swift; path = KingFisherWrapper.swift; sourceTree = "<group>"; };
		9DEEE87D2B1443F1006B4496 /* HomeTableViewTextCell.swift */ = {isa = PBXFileReference; lastKnownFileType = sourcecode.swift; path = HomeTableViewTextCell.swift; sourceTree = "<group>"; };
		9DEEE87F2B145C66006B4496 /* HomeTableViewImageCell.swift */ = {isa = PBXFileReference; lastKnownFileType = sourcecode.swift; path = HomeTableViewImageCell.swift; sourceTree = "<group>"; };
		9DF8AAA02B07483300F5D3D3 /* ITBaseNavigationController.swift */ = {isa = PBXFileReference; lastKnownFileType = sourcecode.swift; path = ITBaseNavigationController.swift; sourceTree = "<group>"; };
		9DF8AAA22B07485300F5D3D3 /* ITTabBarViewController.swift */ = {isa = PBXFileReference; lastKnownFileType = sourcecode.swift; path = ITTabBarViewController.swift; sourceTree = "<group>"; };
		9DF8AAA72B074E8400F5D3D3 /* HomeViewController.swift */ = {isa = PBXFileReference; lastKnownFileType = sourcecode.swift; path = HomeViewController.swift; sourceTree = "<group>"; };
		9DF8AAA92B074EB800F5D3D3 /* DraftViewController.swift */ = {isa = PBXFileReference; lastKnownFileType = sourcecode.swift; path = DraftViewController.swift; sourceTree = "<group>"; };
		9DF8AAAB2B074EC500F5D3D3 /* MapViewController.swift */ = {isa = PBXFileReference; lastKnownFileType = sourcecode.swift; path = MapViewController.swift; sourceTree = "<group>"; };
		9DF8AAAD2B074ED700F5D3D3 /* ActivityViewController.swift */ = {isa = PBXFileReference; lastKnownFileType = sourcecode.swift; path = ActivityViewController.swift; sourceTree = "<group>"; };
		9DF8AAC12B07603200F5D3D3 /* TextBlockDraftCell.swift */ = {isa = PBXFileReference; lastKnownFileType = sourcecode.swift; path = TextBlockDraftCell.swift; sourceTree = "<group>"; };
		9DF8AAC32B07604B00F5D3D3 /* ImageBlockDraftCell.swift */ = {isa = PBXFileReference; lastKnownFileType = sourcecode.swift; path = ImageBlockDraftCell.swift; sourceTree = "<group>"; };
		9DF8AAC52B07632A00F5D3D3 /* UIView + Extension.swift */ = {isa = PBXFileReference; lastKnownFileType = sourcecode.swift; path = "UIView + Extension.swift"; sourceTree = "<group>"; };
		9DF8AAC72B07633400F5D3D3 /* UIColor + Extension.swift */ = {isa = PBXFileReference; lastKnownFileType = sourcecode.swift; path = "UIColor + Extension.swift"; sourceTree = "<group>"; };
		9DF8AAC92B07634400F5D3D3 /* UIFont + Extension.swift */ = {isa = PBXFileReference; lastKnownFileType = sourcecode.swift; path = "UIFont + Extension.swift"; sourceTree = "<group>"; };
		9DF8AACE2B07E00400F5D3D3 /* CRRefreshWrapper.swift */ = {isa = PBXFileReference; lastKnownFileType = sourcecode.swift; path = CRRefreshWrapper.swift; sourceTree = "<group>"; };
		9DF8AAD02B07E11000F5D3D3 /* ITBaseTableViewController.swift */ = {isa = PBXFileReference; lastKnownFileType = sourcecode.swift; path = ITBaseTableViewController.swift; sourceTree = "<group>"; };
		9DF8AAD22B086AE600F5D3D3 /* DraftTableSectionHeaderView.swift */ = {isa = PBXFileReference; lastKnownFileType = sourcecode.swift; path = DraftTableSectionHeaderView.swift; sourceTree = "<group>"; };
		9DF8AAD62B0AFD0100F5D3D3 /* ButtonsScrollView.swift */ = {isa = PBXFileReference; lastKnownFileType = sourcecode.swift; path = ButtonsScrollView.swift; sourceTree = "<group>"; };
		9DF8AAD82B0B1F2100F5D3D3 /* DraftTableHeaderView.swift */ = {isa = PBXFileReference; lastKnownFileType = sourcecode.swift; path = DraftTableHeaderView.swift; sourceTree = "<group>"; };
		9DF8AADB2B0B3EEA00F5D3D3 /* UserObject.swift */ = {isa = PBXFileReference; lastKnownFileType = sourcecode.swift; path = UserObject.swift; sourceTree = "<group>"; };
		9DF8AADE2B0B422200F5D3D3 /* FirestoreManager.swift */ = {isa = PBXFileReference; lastKnownFileType = sourcecode.swift; path = FirestoreManager.swift; sourceTree = "<group>"; };
		9EBE33E1BEA5027BB12990D5 /* Pods-InTouch.release.xcconfig */ = {isa = PBXFileReference; includeInIndex = 1; lastKnownFileType = text.xcconfig; name = "Pods-InTouch.release.xcconfig"; path = "Target Support Files/Pods-InTouch/Pods-InTouch.release.xcconfig"; sourceTree = "<group>"; };
		B46685628DD3763A8F59DF87 /* Pods-InTouch-InTouchUITests.release.xcconfig */ = {isa = PBXFileReference; includeInIndex = 1; lastKnownFileType = text.xcconfig; name = "Pods-InTouch-InTouchUITests.release.xcconfig"; path = "Target Support Files/Pods-InTouch-InTouchUITests/Pods-InTouch-InTouchUITests.release.xcconfig"; sourceTree = "<group>"; };
		B6E74E0C7994894AEB2AE22F /* Pods-InTouch.debug.xcconfig */ = {isa = PBXFileReference; includeInIndex = 1; lastKnownFileType = text.xcconfig; name = "Pods-InTouch.debug.xcconfig"; path = "Target Support Files/Pods-InTouch/Pods-InTouch.debug.xcconfig"; sourceTree = "<group>"; };
/* End PBXFileReference section */

/* Begin PBXFrameworksBuildPhase section */
		9DE69C4F2B05F77800AE7AEE /* Frameworks */ = {
			isa = PBXFrameworksBuildPhase;
			buildActionMask = 2147483647;
			files = (
				9DF8AAB32B075B5A00F5D3D3 /* FirebaseAnalytics in Frameworks */,
				9DC1B75B2B304B260063E667 /* DSWaveformImageViews in Frameworks */,
				9DF8AAB72B075B5A00F5D3D3 /* FirebaseCrashlytics in Frameworks */,
				9DF8AAB52B075B5A00F5D3D3 /* FirebaseAuth in Frameworks */,
				9DF8AABD2B075B5A00F5D3D3 /* FirebaseFirestoreSwift in Frameworks */,
				9DC1B7592B304B260063E667 /* DSWaveformImage in Frameworks */,
				DF61BEB1184C77011185ED02 /* Pods_InTouch.framework in Frameworks */,
				9DF8AABF2B075B5A00F5D3D3 /* FirebaseStorage in Frameworks */,
				9DF8AAB92B075B5A00F5D3D3 /* FirebaseDynamicLinks in Frameworks */,
				9DF8AABB2B075B5A00F5D3D3 /* FirebaseFirestore in Frameworks */,
			);
			runOnlyForDeploymentPostprocessing = 0;
		};
		9DE69C652B05F77900AE7AEE /* Frameworks */ = {
			isa = PBXFrameworksBuildPhase;
			buildActionMask = 2147483647;
			files = (
				CE100B01453148B6A1F736E4 /* Pods_InTouchTests.framework in Frameworks */,
			);
			runOnlyForDeploymentPostprocessing = 0;
		};
		9DE69C6F2B05F77900AE7AEE /* Frameworks */ = {
			isa = PBXFrameworksBuildPhase;
			buildActionMask = 2147483647;
			files = (
				B6FC225D02933FF63827F4F7 /* Pods_InTouch_InTouchUITests.framework in Frameworks */,
			);
			runOnlyForDeploymentPostprocessing = 0;
		};
/* End PBXFrameworksBuildPhase section */

/* Begin PBXGroup section */
		9C59FDF9E73D26010DFF91FB /* Pods */ = {
			isa = PBXGroup;
			children = (
				B6E74E0C7994894AEB2AE22F /* Pods-InTouch.debug.xcconfig */,
				9EBE33E1BEA5027BB12990D5 /* Pods-InTouch.release.xcconfig */,
				73B439C99D88FFBC84CACDD7 /* Pods-InTouch-InTouchUITests.debug.xcconfig */,
				B46685628DD3763A8F59DF87 /* Pods-InTouch-InTouchUITests.release.xcconfig */,
				4C78600CE877DAD7B988A638 /* Pods-InTouchTests.debug.xcconfig */,
				82D8F9EBFF6935A6B98CBAD2 /* Pods-InTouchTests.release.xcconfig */,
			);
			path = Pods;
			sourceTree = "<group>";
		};
		9DC1B7502B2F11A10063E667 /* Sign In */ = {
			isa = PBXGroup;
			children = (
				9DC1B74A2B2C50400063E667 /* SignInViewController.swift */,
				9DC1B74E2B2EEC500063E667 /* SetUpAccountViewController.swift */,
			);
			path = "Sign In";
			sourceTree = "<group>";
		};
		9DC1B75C2B3175DD0063E667 /* Timer */ = {
			isa = PBXGroup;
			children = (
				9DC1B75D2B3175E80063E667 /* TimerViewController.swift */,
			);
			path = Timer;
			sourceTree = "<group>";
		};
		9DC1B7632B342C420063E667 /* Activity */ = {
			isa = PBXGroup;
			children = (
				9DF8AAAD2B074ED700F5D3D3 /* ActivityViewController.swift */,
			);
			path = Activity;
			sourceTree = "<group>";
		};
		9DC6AFB72B1F6FEB002D812C /* Map */ = {
			isa = PBXGroup;
			children = (
				9DF8AAAB2B074EC500F5D3D3 /* MapViewController.swift */,
				9DC6AFB82B1F8C62002D812C /* MKUserAnnotationView.swift */,
				9DDEE1982B285D0200343DDC /* MapDetailViewController.swift */,
			);
			path = Map;
			sourceTree = "<group>";
		};
		9DC6AFBC2B204117002D812C /* Groups */ = {
			isa = PBXGroup;
			children = (
				9DC6AFBD2B204125002D812C /* AddGroupViewController.swift */,
				9DC6AFBF2B2069A6002D812C /* CreateGroupViewController.swift */,
				9DC6AFC12B2069B1002D812C /* JoinGroupViewController.swift */,
				9DC6AFC32B21E12F002D812C /* ConfirmJoinGroupViewController.swift */,
			);
			path = Groups;
			sourceTree = "<group>";
		};
		9DC6AFC72B22E169002D812C /* Profile */ = {
			isa = PBXGroup;
			children = (
				9DC6AFC82B22E182002D812C /* ProfileViewController.swift */,
				9DC6AFD22B23104C002D812C /* GroupProfileViewController.swift */,
				9DC6AFD42B262BA4002D812C /* GroupSettingsViewController.swift */,
				9DDEE1902B26A9EF00343DDC /* EditGroupNameViewController.swift */,
				9DC6AFCC2B22F6A1002D812C /* IconsCollectionViewCell.swift */,
				9DC6AFD02B230312002D812C /* IconAddCollectionViewCell.swift */,
				9DC6AFCE2B22F875002D812C /* ProfileHeaderView.swift */,
				9DDEE1922B26D30C00343DDC /* GroupSettingsTableViewCell.swift */,
				9DDEE1942B27030E00343DDC /* ProfileNewsletterTableViewCell.swift */,
			);
			path = Profile;
			sourceTree = "<group>";
		};
		9DE69C492B05F77800AE7AEE = {
			isa = PBXGroup;
			children = (
				9DE69C542B05F77800AE7AEE /* InTouch */,
				9DE69C6B2B05F77900AE7AEE /* InTouchTests */,
				9DE69C752B05F77900AE7AEE /* InTouchUITests */,
				9DE69C532B05F77800AE7AEE /* Products */,
				9C59FDF9E73D26010DFF91FB /* Pods */,
				E4B78F3D9F641EE5BD7D5F20 /* Frameworks */,
			);
			sourceTree = "<group>";
		};
		9DE69C532B05F77800AE7AEE /* Products */ = {
			isa = PBXGroup;
			children = (
				9DE69C522B05F77800AE7AEE /* InTouch.app */,
				9DE69C682B05F77900AE7AEE /* InTouchTests.xctest */,
				9DE69C722B05F77900AE7AEE /* InTouchUITests.xctest */,
			);
			name = Products;
			sourceTree = "<group>";
		};
		9DE69C542B05F77800AE7AEE /* InTouch */ = {
			isa = PBXGroup;
			children = (
				9DF8AACD2B07DFF000F5D3D3 /* ThirdPartyWrappers */,
				9DF8AAA42B074C6500F5D3D3 /* Extensions */,
				9DF8AA282B07411D00F5D3D3 /* Views */,
				9DE69C552B05F77800AE7AEE /* AppDelegate.swift */,
				9DE69C572B05F77800AE7AEE /* SceneDelegate.swift */,
				9DC6AFD62B262EF7002D812C /* Assets.xcassets */,
				9DE69C5B2B05F77800AE7AEE /* Main.storyboard */,
				9DE69C602B05F77900AE7AEE /* LaunchScreen.storyboard */,
				9DE69C632B05F77900AE7AEE /* Info.plist */,
				9D5F7BD72B0CAB0300FAB24D /* GoogleService-Info.plist */,
			);
			path = InTouch;
			sourceTree = "<group>";
		};
		9DE69C6B2B05F77900AE7AEE /* InTouchTests */ = {
			isa = PBXGroup;
			children = (
				9DE69C6C2B05F77900AE7AEE /* InTouchTests.swift */,
			);
			path = InTouchTests;
			sourceTree = "<group>";
		};
		9DE69C752B05F77900AE7AEE /* InTouchUITests */ = {
			isa = PBXGroup;
			children = (
				9DE69C762B05F77900AE7AEE /* InTouchUITests.swift */,
				9DE69C782B05F77900AE7AEE /* InTouchUITestsLaunchTests.swift */,
			);
			path = InTouchUITests;
			sourceTree = "<group>";
		};
		9DEEE8652B0DE808006B4496 /* Home */ = {
			isa = PBXGroup;
			children = (
				9DF8AAA72B074E8400F5D3D3 /* HomeViewController.swift */,
				9DC6AFB32B1DE388002D812C /* HomeCollectionViewCell.swift */,
				9DC6AFAB2B1DB502002D812C /* NewsletterHeaderViewCell.swift */,
				9DEEE86A2B0DE8CB006B4496 /* HomeTableViewCell.swift */,
				9DEEE87D2B1443F1006B4496 /* HomeTableViewTextCell.swift */,
				9DEEE87F2B145C66006B4496 /* HomeTableViewImageCell.swift */,
				9DC1B7682B3437140063E667 /* HomeTableViewImageAudioCell.swift */,
				9DEEE8772B105136006B4496 /* UserBlockView.swift */,
				9DEEE8682B0DE841006B4496 /* TextBlockView.swift */,
				9DC6AFAF2B1DD7F0002D812C /* StackTextBlockView.swift */,
				9DEEE8792B10A8DB006B4496 /* ImageBlockView.swift */,
				9DC6AFA72B1D6651002D812C /* ImageScrollView.swift */,
				9DC1B75F2B3293EF0063E667 /* AudioBlockView.swift */,
				9DC1B7612B3294080063E667 /* AudioScrollView.swift */,
			);
			path = Home;
			sourceTree = "<group>";
		};
		9DF8AA282B07411D00F5D3D3 /* Views */ = {
			isa = PBXGroup;
			children = (
				9DC1B75C2B3175DD0063E667 /* Timer */,
				9DF8AA292B07412600F5D3D3 /* Base */,
				9DC1B7502B2F11A10063E667 /* Sign In */,
				9DEEE8652B0DE808006B4496 /* Home */,
				9DC6AFBC2B204117002D812C /* Groups */,
				9DC6AFC72B22E169002D812C /* Profile */,
				9DC6AFB72B1F6FEB002D812C /* Map */,
				9DF8AAC02B07601700F5D3D3 /* Draft */,
				9DC1B7632B342C420063E667 /* Activity */,
				9DF8AADD2B0B421300F5D3D3 /* Manager */,
				9DF8AADA2B0B3A0C00F5D3D3 /* Model */,
			);
			path = Views;
			sourceTree = "<group>";
		};
		9DF8AA292B07412600F5D3D3 /* Base */ = {
			isa = PBXGroup;
			children = (
				9DE69C592B05F77800AE7AEE /* ITBaseViewController.swift */,
				9DF8AAA02B07483300F5D3D3 /* ITBaseNavigationController.swift */,
				9DF8AAA22B07485300F5D3D3 /* ITTabBarViewController.swift */,
				9DF8AAD02B07E11000F5D3D3 /* ITBaseTableViewController.swift */,
				9DC6AFB12B1DDE37002D812C /* ITBaseCollectionViewController.swift */,
				9DF8AAD62B0AFD0100F5D3D3 /* ButtonsScrollView.swift */,
			);
			path = Base;
			sourceTree = "<group>";
		};
		9DF8AAA42B074C6500F5D3D3 /* Extensions */ = {
			isa = PBXGroup;
			children = (
				9DF8AAC52B07632A00F5D3D3 /* UIView + Extension.swift */,
				9DF8AAC72B07633400F5D3D3 /* UIColor + Extension.swift */,
				9DF8AAC92B07634400F5D3D3 /* UIFont + Extension.swift */,
				9DEEE86F2B0F23CA006B4496 /* Date + Extension.swift */,
				9DC6AFA52B1B6CAE002D812C /* CLLocationCoordinate2D + Extension.swift */,
				9DC6AFB52B1F2C0F002D812C /* Array + Extension.swift */,
				9DC6AFC52B21E978002D812C /* UITextField + Extension.swift */,
			);
			path = Extensions;
			sourceTree = "<group>";
		};
		9DF8AAC02B07601700F5D3D3 /* Draft */ = {
			isa = PBXGroup;
			children = (
				9DF8AAA92B074EB800F5D3D3 /* DraftViewController.swift */,
				9DF8AAC12B07603200F5D3D3 /* TextBlockDraftCell.swift */,
				9DF8AAC32B07604B00F5D3D3 /* ImageBlockDraftCell.swift */,
				9DC1B7512B302EE20063E667 /* AudioBlockDraftCell.swift */,
				9DF8AAD22B086AE600F5D3D3 /* DraftTableSectionHeaderView.swift */,
				9DF8AAD82B0B1F2100F5D3D3 /* DraftTableHeaderView.swift */,
				9DC1B7532B3030750063E667 /* AudioRecordViewController.swift */,
			);
			path = Draft;
			sourceTree = "<group>";
		};
		9DF8AACD2B07DFF000F5D3D3 /* ThirdPartyWrappers */ = {
			isa = PBXGroup;
			children = (
				9DF8AACE2B07E00400F5D3D3 /* CRRefreshWrapper.swift */,
				9DEEE87B2B130EA0006B4496 /* KingFisherWrapper.swift */,
				9DC1B7642B34307A0063E667 /* DSWaveFormImageWrapper.swift */,
			);
			path = ThirdPartyWrappers;
			sourceTree = "<group>";
		};
		9DF8AADA2B0B3A0C00F5D3D3 /* Model */ = {
			isa = PBXGroup;
			children = (
				9DF8AADB2B0B3EEA00F5D3D3 /* UserObject.swift */,
				9DEEE8712B0F2E7A006B4496 /* GroupObject.swift */,
				9DEEE8732B0F2F32006B4496 /* NewsLetterObject.swift */,
				9D1DC7A02B182F9A00B31EB4 /* FakeData.swift */,
				9DC6AFA32B1B436C002D812C /* Place.swift */,
				9DDEE1962B28414200343DDC /* MarkerObject.swift */,
				9DC1B74C2B2C51D40063E667 /* Info.swift */,
				9DC1B7482B2C4F630063E667 /* AuthState.swift */,
			);
			path = Model;
			sourceTree = "<group>";
		};
		9DF8AADD2B0B421300F5D3D3 /* Manager */ = {
			isa = PBXGroup;
			children = (
				9DF8AADE2B0B422200F5D3D3 /* FirestoreManager.swift */,
				9D5F7BD12B0C6F8100FAB24D /* CloudStorageManager.swift */,
				9DC6AF9F2B19C2BA002D812C /* GooglePlacesManager.swift */,
				9DC1B7462B2C4CEF0063E667 /* AuthManager.swift */,
				9DC6AFBA2B2033AB002D812C /* KeychainManager.swift */,
				9DC1B7552B3043A00063E667 /* AudioManager.swift */,
			);
			path = Manager;
			sourceTree = "<group>";
		};
		E4B78F3D9F641EE5BD7D5F20 /* Frameworks */ = {
			isa = PBXGroup;
			children = (
				62402959519EFF64ABCF9A1B /* Pods_InTouch.framework */,
				8BAF04407494FA72B72D204C /* Pods_InTouch_InTouchUITests.framework */,
				2B26B67E123D62F398AE5652 /* Pods_InTouchTests.framework */,
			);
			name = Frameworks;
			sourceTree = "<group>";
		};
/* End PBXGroup section */

/* Begin PBXNativeTarget section */
		9DE69C512B05F77800AE7AEE /* InTouch */ = {
			isa = PBXNativeTarget;
			buildConfigurationList = 9DE69C7C2B05F77900AE7AEE /* Build configuration list for PBXNativeTarget "InTouch" */;
			buildPhases = (
				EA5DF96B5ABF0C27DC4A4FB3 /* [CP] Check Pods Manifest.lock */,
				9DE69C4E2B05F77800AE7AEE /* Sources */,
				9DE69C4F2B05F77800AE7AEE /* Frameworks */,
				9DE69C502B05F77800AE7AEE /* Resources */,
				9022D9C4D65CA18C856875E7 /* [CP] Embed Pods Frameworks */,
				9DEEE86E2B0EE230006B4496 /* ShellScript */,
				AC4B4160417E95A673C41527 /* [CP] Copy Pods Resources */,
			);
			buildRules = (
			);
			dependencies = (
			);
			name = InTouch;
			packageProductDependencies = (
				9DF8AAB22B075B5A00F5D3D3 /* FirebaseAnalytics */,
				9DF8AAB42B075B5A00F5D3D3 /* FirebaseAuth */,
				9DF8AAB62B075B5A00F5D3D3 /* FirebaseCrashlytics */,
				9DF8AAB82B075B5A00F5D3D3 /* FirebaseDynamicLinks */,
				9DF8AABA2B075B5A00F5D3D3 /* FirebaseFirestore */,
				9DF8AABC2B075B5A00F5D3D3 /* FirebaseFirestoreSwift */,
				9DF8AABE2B075B5A00F5D3D3 /* FirebaseStorage */,
				9DC1B7582B304B260063E667 /* DSWaveformImage */,
				9DC1B75A2B304B260063E667 /* DSWaveformImageViews */,
			);
			productName = InTouch;
			productReference = 9DE69C522B05F77800AE7AEE /* InTouch.app */;
			productType = "com.apple.product-type.application";
		};
		9DE69C672B05F77900AE7AEE /* InTouchTests */ = {
			isa = PBXNativeTarget;
			buildConfigurationList = 9DE69C7F2B05F77900AE7AEE /* Build configuration list for PBXNativeTarget "InTouchTests" */;
			buildPhases = (
				F7870776C73C2B9C59459A4D /* [CP] Check Pods Manifest.lock */,
				9DE69C642B05F77900AE7AEE /* Sources */,
				9DE69C652B05F77900AE7AEE /* Frameworks */,
				9DE69C662B05F77900AE7AEE /* Resources */,
			);
			buildRules = (
			);
			dependencies = (
				9DE69C6A2B05F77900AE7AEE /* PBXTargetDependency */,
			);
			name = InTouchTests;
			productName = InTouchTests;
			productReference = 9DE69C682B05F77900AE7AEE /* InTouchTests.xctest */;
			productType = "com.apple.product-type.bundle.unit-test";
		};
		9DE69C712B05F77900AE7AEE /* InTouchUITests */ = {
			isa = PBXNativeTarget;
			buildConfigurationList = 9DE69C822B05F77900AE7AEE /* Build configuration list for PBXNativeTarget "InTouchUITests" */;
			buildPhases = (
				5C57B346AC3CA82FEC1ACEA4 /* [CP] Check Pods Manifest.lock */,
				9DE69C6E2B05F77900AE7AEE /* Sources */,
				9DE69C6F2B05F77900AE7AEE /* Frameworks */,
				9DE69C702B05F77900AE7AEE /* Resources */,
				6CAA99692AEBBAD9960F8186 /* [CP] Embed Pods Frameworks */,
				0255A8CD39CC10F1DBE12DE8 /* [CP] Copy Pods Resources */,
			);
			buildRules = (
			);
			dependencies = (
				9DE69C742B05F77900AE7AEE /* PBXTargetDependency */,
			);
			name = InTouchUITests;
			productName = InTouchUITests;
			productReference = 9DE69C722B05F77900AE7AEE /* InTouchUITests.xctest */;
			productType = "com.apple.product-type.bundle.ui-testing";
		};
/* End PBXNativeTarget section */

/* Begin PBXProject section */
		9DE69C4A2B05F77800AE7AEE /* Project object */ = {
			isa = PBXProject;
			attributes = {
				BuildIndependentTargetsInParallel = 1;
				LastSwiftUpdateCheck = 1500;
				LastUpgradeCheck = 1500;
				TargetAttributes = {
					9DE69C512B05F77800AE7AEE = {
						CreatedOnToolsVersion = 15.0.1;
					};
					9DE69C672B05F77900AE7AEE = {
						CreatedOnToolsVersion = 15.0.1;
						TestTargetID = 9DE69C512B05F77800AE7AEE;
					};
					9DE69C712B05F77900AE7AEE = {
						CreatedOnToolsVersion = 15.0.1;
						TestTargetID = 9DE69C512B05F77800AE7AEE;
					};
				};
			};
			buildConfigurationList = 9DE69C4D2B05F77800AE7AEE /* Build configuration list for PBXProject "InTouch" */;
			compatibilityVersion = "Xcode 14.0";
			developmentRegion = en;
			hasScannedForEncodings = 0;
			knownRegions = (
				en,
				Base,
			);
			mainGroup = 9DE69C492B05F77800AE7AEE;
			packageReferences = (
				9DF8AAB12B075B5A00F5D3D3 /* XCRemoteSwiftPackageReference "firebase-ios-sdk" */,
				9DC1B7572B30474B0063E667 /* XCRemoteSwiftPackageReference "DSWaveformImage" */,
			);
			productRefGroup = 9DE69C532B05F77800AE7AEE /* Products */;
			projectDirPath = "";
			projectRoot = "";
			targets = (
				9DE69C512B05F77800AE7AEE /* InTouch */,
				9DE69C672B05F77900AE7AEE /* InTouchTests */,
				9DE69C712B05F77900AE7AEE /* InTouchUITests */,
			);
		};
/* End PBXProject section */

/* Begin PBXResourcesBuildPhase section */
		9DE69C502B05F77800AE7AEE /* Resources */ = {
			isa = PBXResourcesBuildPhase;
			buildActionMask = 2147483647;
			files = (
				9DE69C622B05F77900AE7AEE /* LaunchScreen.storyboard in Resources */,
				9D5F7BD82B0CAB0300FAB24D /* GoogleService-Info.plist in Resources */,
				9DC6AFD72B262EF7002D812C /* Assets.xcassets in Resources */,
				9DE69C5D2B05F77800AE7AEE /* Main.storyboard in Resources */,
			);
			runOnlyForDeploymentPostprocessing = 0;
		};
		9DE69C662B05F77900AE7AEE /* Resources */ = {
			isa = PBXResourcesBuildPhase;
			buildActionMask = 2147483647;
			files = (
			);
			runOnlyForDeploymentPostprocessing = 0;
		};
		9DE69C702B05F77900AE7AEE /* Resources */ = {
			isa = PBXResourcesBuildPhase;
			buildActionMask = 2147483647;
			files = (
			);
			runOnlyForDeploymentPostprocessing = 0;
		};
/* End PBXResourcesBuildPhase section */

/* Begin PBXShellScriptBuildPhase section */
		0255A8CD39CC10F1DBE12DE8 /* [CP] Copy Pods Resources */ = {
			isa = PBXShellScriptBuildPhase;
			buildActionMask = 2147483647;
			files = (
			);
			inputFileListPaths = (
				"${PODS_ROOT}/Target Support Files/Pods-InTouch-InTouchUITests/Pods-InTouch-InTouchUITests-resources-${CONFIGURATION}-input-files.xcfilelist",
			);
			name = "[CP] Copy Pods Resources";
			outputFileListPaths = (
				"${PODS_ROOT}/Target Support Files/Pods-InTouch-InTouchUITests/Pods-InTouch-InTouchUITests-resources-${CONFIGURATION}-output-files.xcfilelist",
			);
			runOnlyForDeploymentPostprocessing = 0;
			shellPath = /bin/sh;
			shellScript = "\"${PODS_ROOT}/Target Support Files/Pods-InTouch-InTouchUITests/Pods-InTouch-InTouchUITests-resources.sh\"\n";
			showEnvVarsInLog = 0;
		};
		5C57B346AC3CA82FEC1ACEA4 /* [CP] Check Pods Manifest.lock */ = {
			isa = PBXShellScriptBuildPhase;
			buildActionMask = 2147483647;
			files = (
			);
			inputFileListPaths = (
			);
			inputPaths = (
				"${PODS_PODFILE_DIR_PATH}/Podfile.lock",
				"${PODS_ROOT}/Manifest.lock",
			);
			name = "[CP] Check Pods Manifest.lock";
			outputFileListPaths = (
			);
			outputPaths = (
				"$(DERIVED_FILE_DIR)/Pods-InTouch-InTouchUITests-checkManifestLockResult.txt",
			);
			runOnlyForDeploymentPostprocessing = 0;
			shellPath = /bin/sh;
			shellScript = "diff \"${PODS_PODFILE_DIR_PATH}/Podfile.lock\" \"${PODS_ROOT}/Manifest.lock\" > /dev/null\nif [ $? != 0 ] ; then\n    # print error to STDERR\n    echo \"error: The sandbox is not in sync with the Podfile.lock. Run 'pod install' or update your CocoaPods installation.\" >&2\n    exit 1\nfi\n# This output is used by Xcode 'outputs' to avoid re-running this script phase.\necho \"SUCCESS\" > \"${SCRIPT_OUTPUT_FILE_0}\"\n";
			showEnvVarsInLog = 0;
		};
		6CAA99692AEBBAD9960F8186 /* [CP] Embed Pods Frameworks */ = {
			isa = PBXShellScriptBuildPhase;
			buildActionMask = 2147483647;
			files = (
			);
			inputFileListPaths = (
				"${PODS_ROOT}/Target Support Files/Pods-InTouch-InTouchUITests/Pods-InTouch-InTouchUITests-frameworks-${CONFIGURATION}-input-files.xcfilelist",
			);
			name = "[CP] Embed Pods Frameworks";
			outputFileListPaths = (
				"${PODS_ROOT}/Target Support Files/Pods-InTouch-InTouchUITests/Pods-InTouch-InTouchUITests-frameworks-${CONFIGURATION}-output-files.xcfilelist",
			);
			runOnlyForDeploymentPostprocessing = 0;
			shellPath = /bin/sh;
			shellScript = "\"${PODS_ROOT}/Target Support Files/Pods-InTouch-InTouchUITests/Pods-InTouch-InTouchUITests-frameworks.sh\"\n";
			showEnvVarsInLog = 0;
		};
		9022D9C4D65CA18C856875E7 /* [CP] Embed Pods Frameworks */ = {
			isa = PBXShellScriptBuildPhase;
			buildActionMask = 2147483647;
			files = (
			);
			inputFileListPaths = (
				"${PODS_ROOT}/Target Support Files/Pods-InTouch/Pods-InTouch-frameworks-${CONFIGURATION}-input-files.xcfilelist",
			);
			name = "[CP] Embed Pods Frameworks";
			outputFileListPaths = (
				"${PODS_ROOT}/Target Support Files/Pods-InTouch/Pods-InTouch-frameworks-${CONFIGURATION}-output-files.xcfilelist",
			);
			runOnlyForDeploymentPostprocessing = 0;
			shellPath = /bin/sh;
			shellScript = "\"${PODS_ROOT}/Target Support Files/Pods-InTouch/Pods-InTouch-frameworks.sh\"\n";
			showEnvVarsInLog = 0;
		};
		9DEEE86E2B0EE230006B4496 /* ShellScript */ = {
			isa = PBXShellScriptBuildPhase;
			alwaysOutOfDate = 1;
			buildActionMask = 2147483647;
			files = (
			);
			inputFileListPaths = (
			);
			inputPaths = (
			);
			outputFileListPaths = (
			);
			outputPaths = (
			);
			runOnlyForDeploymentPostprocessing = 0;
			shellPath = /bin/sh;
			shellScript = "# Type a script or drag a script file from your workspace to insert its path.\n\"${PODS_ROOT}/SwiftLint/swiftlint\"\n";
		};
		AC4B4160417E95A673C41527 /* [CP] Copy Pods Resources */ = {
			isa = PBXShellScriptBuildPhase;
			buildActionMask = 2147483647;
			files = (
			);
			inputFileListPaths = (
				"${PODS_ROOT}/Target Support Files/Pods-InTouch/Pods-InTouch-resources-${CONFIGURATION}-input-files.xcfilelist",
			);
			name = "[CP] Copy Pods Resources";
			outputFileListPaths = (
				"${PODS_ROOT}/Target Support Files/Pods-InTouch/Pods-InTouch-resources-${CONFIGURATION}-output-files.xcfilelist",
			);
			runOnlyForDeploymentPostprocessing = 0;
			shellPath = /bin/sh;
			shellScript = "\"${PODS_ROOT}/Target Support Files/Pods-InTouch/Pods-InTouch-resources.sh\"\n";
			showEnvVarsInLog = 0;
		};
		EA5DF96B5ABF0C27DC4A4FB3 /* [CP] Check Pods Manifest.lock */ = {
			isa = PBXShellScriptBuildPhase;
			buildActionMask = 2147483647;
			files = (
			);
			inputFileListPaths = (
			);
			inputPaths = (
				"${PODS_PODFILE_DIR_PATH}/Podfile.lock",
				"${PODS_ROOT}/Manifest.lock",
			);
			name = "[CP] Check Pods Manifest.lock";
			outputFileListPaths = (
			);
			outputPaths = (
				"$(DERIVED_FILE_DIR)/Pods-InTouch-checkManifestLockResult.txt",
			);
			runOnlyForDeploymentPostprocessing = 0;
			shellPath = /bin/sh;
			shellScript = "diff \"${PODS_PODFILE_DIR_PATH}/Podfile.lock\" \"${PODS_ROOT}/Manifest.lock\" > /dev/null\nif [ $? != 0 ] ; then\n    # print error to STDERR\n    echo \"error: The sandbox is not in sync with the Podfile.lock. Run 'pod install' or update your CocoaPods installation.\" >&2\n    exit 1\nfi\n# This output is used by Xcode 'outputs' to avoid re-running this script phase.\necho \"SUCCESS\" > \"${SCRIPT_OUTPUT_FILE_0}\"\n";
			showEnvVarsInLog = 0;
		};
		F7870776C73C2B9C59459A4D /* [CP] Check Pods Manifest.lock */ = {
			isa = PBXShellScriptBuildPhase;
			buildActionMask = 2147483647;
			files = (
			);
			inputFileListPaths = (
			);
			inputPaths = (
				"${PODS_PODFILE_DIR_PATH}/Podfile.lock",
				"${PODS_ROOT}/Manifest.lock",
			);
			name = "[CP] Check Pods Manifest.lock";
			outputFileListPaths = (
			);
			outputPaths = (
				"$(DERIVED_FILE_DIR)/Pods-InTouchTests-checkManifestLockResult.txt",
			);
			runOnlyForDeploymentPostprocessing = 0;
			shellPath = /bin/sh;
			shellScript = "diff \"${PODS_PODFILE_DIR_PATH}/Podfile.lock\" \"${PODS_ROOT}/Manifest.lock\" > /dev/null\nif [ $? != 0 ] ; then\n    # print error to STDERR\n    echo \"error: The sandbox is not in sync with the Podfile.lock. Run 'pod install' or update your CocoaPods installation.\" >&2\n    exit 1\nfi\n# This output is used by Xcode 'outputs' to avoid re-running this script phase.\necho \"SUCCESS\" > \"${SCRIPT_OUTPUT_FILE_0}\"\n";
			showEnvVarsInLog = 0;
		};
/* End PBXShellScriptBuildPhase section */

/* Begin PBXSourcesBuildPhase section */
		9DE69C4E2B05F77800AE7AEE /* Sources */ = {
			isa = PBXSourcesBuildPhase;
			buildActionMask = 2147483647;
			files = (
				9DC1B74F2B2EEC500063E667 /* SetUpAccountViewController.swift in Sources */,
				9DF8AACA2B07634400F5D3D3 /* UIFont + Extension.swift in Sources */,
				9DC1B7472B2C4CEF0063E667 /* AuthManager.swift in Sources */,
				9DC1B7692B3437140063E667 /* HomeTableViewImageAudioCell.swift in Sources */,
				9DE69C5A2B05F77800AE7AEE /* ITBaseViewController.swift in Sources */,
				9DEEE86B2B0DE8CB006B4496 /* HomeTableViewCell.swift in Sources */,
				9DF8AAC22B07603200F5D3D3 /* TextBlockDraftCell.swift in Sources */,
				9DC1B7492B2C4F630063E667 /* AuthState.swift in Sources */,
				9DC6AFC22B2069B1002D812C /* JoinGroupViewController.swift in Sources */,
				9DC1B7522B302EE20063E667 /* AudioBlockDraftCell.swift in Sources */,
				9DE69C562B05F77800AE7AEE /* AppDelegate.swift in Sources */,
				9DF8AAA12B07483300F5D3D3 /* ITBaseNavigationController.swift in Sources */,
				9DEEE8692B0DE841006B4496 /* TextBlockView.swift in Sources */,
				9DF8AACF2B07E00400F5D3D3 /* CRRefreshWrapper.swift in Sources */,
				9DC6AFCF2B22F875002D812C /* ProfileHeaderView.swift in Sources */,
				9DEEE87E2B1443F1006B4496 /* HomeTableViewTextCell.swift in Sources */,
				9DF8AAD72B0AFD0100F5D3D3 /* ButtonsScrollView.swift in Sources */,
				9DC1B74B2B2C50400063E667 /* SignInViewController.swift in Sources */,
				9DC6AFCD2B22F6A1002D812C /* IconsCollectionViewCell.swift in Sources */,
				9DE69C582B05F77800AE7AEE /* SceneDelegate.swift in Sources */,
				9DEEE8802B145C66006B4496 /* HomeTableViewImageCell.swift in Sources */,
				9DC6AFBB2B2033AB002D812C /* KeychainManager.swift in Sources */,
				9DC1B7602B3293EF0063E667 /* AudioBlockView.swift in Sources */,
				9DC6AFA82B1D6651002D812C /* ImageScrollView.swift in Sources */,
				9DC6AFB62B1F2C0F002D812C /* Array + Extension.swift in Sources */,
				9DF8AADF2B0B422200F5D3D3 /* FirestoreManager.swift in Sources */,
				9DC1B7652B34307A0063E667 /* DSWaveFormImageWrapper.swift in Sources */,
				9DF8AAAE2B074ED700F5D3D3 /* ActivityViewController.swift in Sources */,
				9DDEE1992B285D0200343DDC /* MapDetailViewController.swift in Sources */,
				9DEEE8742B0F2F32006B4496 /* NewsLetterObject.swift in Sources */,
				9DEEE8722B0F2E7A006B4496 /* GroupObject.swift in Sources */,
				9D1DC7A12B182F9A00B31EB4 /* FakeData.swift in Sources */,
				9DEEE8782B105136006B4496 /* UserBlockView.swift in Sources */,
				9DC6AFAC2B1DB502002D812C /* NewsletterHeaderViewCell.swift in Sources */,
				9DC6AFC92B22E182002D812C /* ProfileViewController.swift in Sources */,
				9DC6AFB02B1DD7F0002D812C /* StackTextBlockView.swift in Sources */,
				9DC1B7542B3030750063E667 /* AudioRecordViewController.swift in Sources */,
				9DF8AAC82B07633400F5D3D3 /* UIColor + Extension.swift in Sources */,
				9D5F7BD22B0C6F8100FAB24D /* CloudStorageManager.swift in Sources */,
				9DC6AFC02B2069A6002D812C /* CreateGroupViewController.swift in Sources */,
				9DC1B75E2B3175E80063E667 /* TimerViewController.swift in Sources */,
				9DC6AFD32B23104C002D812C /* GroupProfileViewController.swift in Sources */,
				9DC6AFBE2B204125002D812C /* AddGroupViewController.swift in Sources */,
				9DC6AFD12B230312002D812C /* IconAddCollectionViewCell.swift in Sources */,
				9DC6AFD52B262BA4002D812C /* GroupSettingsViewController.swift in Sources */,
				9DF8AAD12B07E11000F5D3D3 /* ITBaseTableViewController.swift in Sources */,
				9DC6AFA62B1B6CAE002D812C /* CLLocationCoordinate2D + Extension.swift in Sources */,
				9DF8AAAA2B074EB800F5D3D3 /* DraftViewController.swift in Sources */,
				9DF8AAA32B07485300F5D3D3 /* ITTabBarViewController.swift in Sources */,
				9DC6AFA42B1B436C002D812C /* Place.swift in Sources */,
				9DF8AAC62B07632A00F5D3D3 /* UIView + Extension.swift in Sources */,
				9DF8AAD32B086AE600F5D3D3 /* DraftTableSectionHeaderView.swift in Sources */,
				9DDEE1972B28414200343DDC /* MarkerObject.swift in Sources */,
				9DC6AFC42B21E12F002D812C /* ConfirmJoinGroupViewController.swift in Sources */,
				9DF8AAA82B074E8400F5D3D3 /* HomeViewController.swift in Sources */,
				9DC6AFB22B1DDE37002D812C /* ITBaseCollectionViewController.swift in Sources */,
				9DC1B74D2B2C51D40063E667 /* Info.swift in Sources */,
				9DC6AFB92B1F8C62002D812C /* MKUserAnnotationView.swift in Sources */,
				9DC1B7562B3043A00063E667 /* AudioManager.swift in Sources */,
				9DDEE1912B26A9EF00343DDC /* EditGroupNameViewController.swift in Sources */,
				9DEEE87A2B10A8DB006B4496 /* ImageBlockView.swift in Sources */,
				9DC6AFC62B21E978002D812C /* UITextField + Extension.swift in Sources */,
				9DF8AAAC2B074EC500F5D3D3 /* MapViewController.swift in Sources */,
				9DC6AFA02B19C2BA002D812C /* GooglePlacesManager.swift in Sources */,
				9DF8AAD92B0B1F2100F5D3D3 /* DraftTableHeaderView.swift in Sources */,
				9DC6AFB42B1DE388002D812C /* HomeCollectionViewCell.swift in Sources */,
				9DF8AAC42B07604B00F5D3D3 /* ImageBlockDraftCell.swift in Sources */,
				9DEEE87C2B130EA0006B4496 /* KingFisherWrapper.swift in Sources */,
				9DDEE1952B27030E00343DDC /* ProfileNewsletterTableViewCell.swift in Sources */,
				9DF8AADC2B0B3EEA00F5D3D3 /* UserObject.swift in Sources */,
				9DDEE1932B26D30C00343DDC /* GroupSettingsTableViewCell.swift in Sources */,
				9DC1B7622B3294080063E667 /* AudioScrollView.swift in Sources */,
				9DEEE8702B0F23CA006B4496 /* Date + Extension.swift in Sources */,
			);
			runOnlyForDeploymentPostprocessing = 0;
		};
		9DE69C642B05F77900AE7AEE /* Sources */ = {
			isa = PBXSourcesBuildPhase;
			buildActionMask = 2147483647;
			files = (
				9DE69C6D2B05F77900AE7AEE /* InTouchTests.swift in Sources */,
			);
			runOnlyForDeploymentPostprocessing = 0;
		};
		9DE69C6E2B05F77900AE7AEE /* Sources */ = {
			isa = PBXSourcesBuildPhase;
			buildActionMask = 2147483647;
			files = (
				9DE69C772B05F77900AE7AEE /* InTouchUITests.swift in Sources */,
				9DE69C792B05F77900AE7AEE /* InTouchUITestsLaunchTests.swift in Sources */,
			);
			runOnlyForDeploymentPostprocessing = 0;
		};
/* End PBXSourcesBuildPhase section */

/* Begin PBXTargetDependency section */
		9DE69C6A2B05F77900AE7AEE /* PBXTargetDependency */ = {
			isa = PBXTargetDependency;
			target = 9DE69C512B05F77800AE7AEE /* InTouch */;
			targetProxy = 9DE69C692B05F77900AE7AEE /* PBXContainerItemProxy */;
		};
		9DE69C742B05F77900AE7AEE /* PBXTargetDependency */ = {
			isa = PBXTargetDependency;
			target = 9DE69C512B05F77800AE7AEE /* InTouch */;
			targetProxy = 9DE69C732B05F77900AE7AEE /* PBXContainerItemProxy */;
		};
/* End PBXTargetDependency section */

/* Begin PBXVariantGroup section */
		9DE69C5B2B05F77800AE7AEE /* Main.storyboard */ = {
			isa = PBXVariantGroup;
			children = (
				9DE69C5C2B05F77800AE7AEE /* Base */,
			);
			name = Main.storyboard;
			sourceTree = "<group>";
		};
		9DE69C602B05F77900AE7AEE /* LaunchScreen.storyboard */ = {
			isa = PBXVariantGroup;
			children = (
				9DE69C612B05F77900AE7AEE /* Base */,
			);
			name = LaunchScreen.storyboard;
			sourceTree = "<group>";
		};
/* End PBXVariantGroup section */

/* Begin XCBuildConfiguration section */
		9DE69C7A2B05F77900AE7AEE /* Debug */ = {
			isa = XCBuildConfiguration;
			buildSettings = {
				ALWAYS_SEARCH_USER_PATHS = NO;
				ASSETCATALOG_COMPILER_GENERATE_SWIFT_ASSET_SYMBOL_EXTENSIONS = YES;
				CLANG_ANALYZER_NONNULL = YES;
				CLANG_ANALYZER_NUMBER_OBJECT_CONVERSION = YES_AGGRESSIVE;
				CLANG_CXX_LANGUAGE_STANDARD = "gnu++20";
				CLANG_ENABLE_MODULES = YES;
				CLANG_ENABLE_OBJC_ARC = YES;
				CLANG_ENABLE_OBJC_WEAK = YES;
				CLANG_WARN_BLOCK_CAPTURE_AUTORELEASING = YES;
				CLANG_WARN_BOOL_CONVERSION = YES;
				CLANG_WARN_COMMA = YES;
				CLANG_WARN_CONSTANT_CONVERSION = YES;
				CLANG_WARN_DEPRECATED_OBJC_IMPLEMENTATIONS = YES;
				CLANG_WARN_DIRECT_OBJC_ISA_USAGE = YES_ERROR;
				CLANG_WARN_DOCUMENTATION_COMMENTS = YES;
				CLANG_WARN_EMPTY_BODY = YES;
				CLANG_WARN_ENUM_CONVERSION = YES;
				CLANG_WARN_INFINITE_RECURSION = YES;
				CLANG_WARN_INT_CONVERSION = YES;
				CLANG_WARN_NON_LITERAL_NULL_CONVERSION = YES;
				CLANG_WARN_OBJC_IMPLICIT_RETAIN_SELF = YES;
				CLANG_WARN_OBJC_LITERAL_CONVERSION = YES;
				CLANG_WARN_OBJC_ROOT_CLASS = YES_ERROR;
				CLANG_WARN_QUOTED_INCLUDE_IN_FRAMEWORK_HEADER = YES;
				CLANG_WARN_RANGE_LOOP_ANALYSIS = YES;
				CLANG_WARN_STRICT_PROTOTYPES = YES;
				CLANG_WARN_SUSPICIOUS_MOVE = YES;
				CLANG_WARN_UNGUARDED_AVAILABILITY = YES_AGGRESSIVE;
				CLANG_WARN_UNREACHABLE_CODE = YES;
				CLANG_WARN__DUPLICATE_METHOD_MATCH = YES;
				COPY_PHASE_STRIP = NO;
				DEBUG_INFORMATION_FORMAT = dwarf;
				ENABLE_STRICT_OBJC_MSGSEND = YES;
				ENABLE_TESTABILITY = YES;
				ENABLE_USER_SCRIPT_SANDBOXING = YES;
				GCC_C_LANGUAGE_STANDARD = gnu17;
				GCC_DYNAMIC_NO_PIC = NO;
				GCC_NO_COMMON_BLOCKS = YES;
				GCC_OPTIMIZATION_LEVEL = 0;
				GCC_PREPROCESSOR_DEFINITIONS = (
					"DEBUG=1",
					"$(inherited)",
				);
				GCC_WARN_64_TO_32_BIT_CONVERSION = YES;
				GCC_WARN_ABOUT_RETURN_TYPE = YES_ERROR;
				GCC_WARN_UNDECLARED_SELECTOR = YES;
				GCC_WARN_UNINITIALIZED_AUTOS = YES_AGGRESSIVE;
				GCC_WARN_UNUSED_FUNCTION = YES;
				GCC_WARN_UNUSED_VARIABLE = YES;
				IPHONEOS_DEPLOYMENT_TARGET = 17.0;
				LOCALIZATION_PREFERS_STRING_CATALOGS = YES;
				MTL_ENABLE_DEBUG_INFO = INCLUDE_SOURCE;
				MTL_FAST_MATH = YES;
				ONLY_ACTIVE_ARCH = YES;
				SDKROOT = iphoneos;
				SWIFT_ACTIVE_COMPILATION_CONDITIONS = "DEBUG $(inherited)";
				SWIFT_OPTIMIZATION_LEVEL = "-Onone";
			};
			name = Debug;
		};
		9DE69C7B2B05F77900AE7AEE /* Release */ = {
			isa = XCBuildConfiguration;
			buildSettings = {
				ALWAYS_SEARCH_USER_PATHS = NO;
				ASSETCATALOG_COMPILER_GENERATE_SWIFT_ASSET_SYMBOL_EXTENSIONS = YES;
				CLANG_ANALYZER_NONNULL = YES;
				CLANG_ANALYZER_NUMBER_OBJECT_CONVERSION = YES_AGGRESSIVE;
				CLANG_CXX_LANGUAGE_STANDARD = "gnu++20";
				CLANG_ENABLE_MODULES = YES;
				CLANG_ENABLE_OBJC_ARC = YES;
				CLANG_ENABLE_OBJC_WEAK = YES;
				CLANG_WARN_BLOCK_CAPTURE_AUTORELEASING = YES;
				CLANG_WARN_BOOL_CONVERSION = YES;
				CLANG_WARN_COMMA = YES;
				CLANG_WARN_CONSTANT_CONVERSION = YES;
				CLANG_WARN_DEPRECATED_OBJC_IMPLEMENTATIONS = YES;
				CLANG_WARN_DIRECT_OBJC_ISA_USAGE = YES_ERROR;
				CLANG_WARN_DOCUMENTATION_COMMENTS = YES;
				CLANG_WARN_EMPTY_BODY = YES;
				CLANG_WARN_ENUM_CONVERSION = YES;
				CLANG_WARN_INFINITE_RECURSION = YES;
				CLANG_WARN_INT_CONVERSION = YES;
				CLANG_WARN_NON_LITERAL_NULL_CONVERSION = YES;
				CLANG_WARN_OBJC_IMPLICIT_RETAIN_SELF = YES;
				CLANG_WARN_OBJC_LITERAL_CONVERSION = YES;
				CLANG_WARN_OBJC_ROOT_CLASS = YES_ERROR;
				CLANG_WARN_QUOTED_INCLUDE_IN_FRAMEWORK_HEADER = YES;
				CLANG_WARN_RANGE_LOOP_ANALYSIS = YES;
				CLANG_WARN_STRICT_PROTOTYPES = YES;
				CLANG_WARN_SUSPICIOUS_MOVE = YES;
				CLANG_WARN_UNGUARDED_AVAILABILITY = YES_AGGRESSIVE;
				CLANG_WARN_UNREACHABLE_CODE = YES;
				CLANG_WARN__DUPLICATE_METHOD_MATCH = YES;
				COPY_PHASE_STRIP = NO;
				DEBUG_INFORMATION_FORMAT = "dwarf-with-dsym";
				ENABLE_NS_ASSERTIONS = NO;
				ENABLE_STRICT_OBJC_MSGSEND = YES;
				ENABLE_USER_SCRIPT_SANDBOXING = YES;
				GCC_C_LANGUAGE_STANDARD = gnu17;
				GCC_NO_COMMON_BLOCKS = YES;
				GCC_WARN_64_TO_32_BIT_CONVERSION = YES;
				GCC_WARN_ABOUT_RETURN_TYPE = YES_ERROR;
				GCC_WARN_UNDECLARED_SELECTOR = YES;
				GCC_WARN_UNINITIALIZED_AUTOS = YES_AGGRESSIVE;
				GCC_WARN_UNUSED_FUNCTION = YES;
				GCC_WARN_UNUSED_VARIABLE = YES;
				IPHONEOS_DEPLOYMENT_TARGET = 17.0;
				LOCALIZATION_PREFERS_STRING_CATALOGS = YES;
				MTL_ENABLE_DEBUG_INFO = NO;
				MTL_FAST_MATH = YES;
				SDKROOT = iphoneos;
				SWIFT_COMPILATION_MODE = wholemodule;
				VALIDATE_PRODUCT = YES;
			};
			name = Release;
		};
		9DE69C7D2B05F77900AE7AEE /* Debug */ = {
			isa = XCBuildConfiguration;
			baseConfigurationReference = B6E74E0C7994894AEB2AE22F /* Pods-InTouch.debug.xcconfig */;
			buildSettings = {
				ASSETCATALOG_COMPILER_APPICON_NAME = AppIcon;
				ASSETCATALOG_COMPILER_GLOBAL_ACCENT_COLOR_NAME = AccentColor;
				CODE_SIGN_STYLE = Automatic;
				CURRENT_PROJECT_VERSION = 1;
				DEVELOPMENT_TEAM = 2B5AM4DDW5;
				ENABLE_USER_SCRIPT_SANDBOXING = NO;
				GENERATE_INFOPLIST_FILE = YES;
				INFOPLIST_FILE = InTouch/Info.plist;
				INFOPLIST_KEY_UIApplicationSupportsIndirectInputEvents = YES;
				INFOPLIST_KEY_UILaunchStoryboardName = LaunchScreen;
				INFOPLIST_KEY_UIMainStoryboardFile = Main;
				INFOPLIST_KEY_UISupportedInterfaceOrientations_iPad = "UIInterfaceOrientationPortrait UIInterfaceOrientationPortraitUpsideDown UIInterfaceOrientationLandscapeLeft UIInterfaceOrientationLandscapeRight";
				INFOPLIST_KEY_UISupportedInterfaceOrientations_iPhone = "UIInterfaceOrientationPortrait UIInterfaceOrientationLandscapeLeft UIInterfaceOrientationLandscapeRight";
				IPHONEOS_DEPLOYMENT_TARGET = 16.0;
				LD_RUNPATH_SEARCH_PATHS = (
					"$(inherited)",
					"@executable_path/Frameworks",
				);
				LIBRARY_SEARCH_PATHS = (
					"$(inherited)",
					"\"${DT_TOOLCHAIN_DIR}/usr/lib/swift/${PLATFORM_NAME}\"",
					/usr/lib/swift,
				);
				MARKETING_VERSION = 1.0;
				PRODUCT_BUNDLE_IDENTIFIER = com.red.InTouch;
				PRODUCT_NAME = "$(TARGET_NAME)";
				SUPPORTED_PLATFORMS = "iphoneos iphonesimulator";
				SUPPORTS_MACCATALYST = NO;
				SUPPORTS_MAC_DESIGNED_FOR_IPHONE_IPAD = NO;
				SWIFT_EMIT_LOC_STRINGS = YES;
				SWIFT_VERSION = 5.0;
				TARGETED_DEVICE_FAMILY = 1;
			};
			name = Debug;
		};
		9DE69C7E2B05F77900AE7AEE /* Release */ = {
			isa = XCBuildConfiguration;
			baseConfigurationReference = 9EBE33E1BEA5027BB12990D5 /* Pods-InTouch.release.xcconfig */;
			buildSettings = {
				ASSETCATALOG_COMPILER_APPICON_NAME = AppIcon;
				ASSETCATALOG_COMPILER_GLOBAL_ACCENT_COLOR_NAME = AccentColor;
				CODE_SIGN_STYLE = Automatic;
				CURRENT_PROJECT_VERSION = 1;
				DEVELOPMENT_TEAM = 2B5AM4DDW5;
				ENABLE_USER_SCRIPT_SANDBOXING = NO;
				GENERATE_INFOPLIST_FILE = YES;
				INFOPLIST_FILE = InTouch/Info.plist;
				INFOPLIST_KEY_UIApplicationSupportsIndirectInputEvents = YES;
				INFOPLIST_KEY_UILaunchStoryboardName = LaunchScreen;
				INFOPLIST_KEY_UIMainStoryboardFile = Main;
				INFOPLIST_KEY_UISupportedInterfaceOrientations_iPad = "UIInterfaceOrientationPortrait UIInterfaceOrientationPortraitUpsideDown UIInterfaceOrientationLandscapeLeft UIInterfaceOrientationLandscapeRight";
				INFOPLIST_KEY_UISupportedInterfaceOrientations_iPhone = "UIInterfaceOrientationPortrait UIInterfaceOrientationLandscapeLeft UIInterfaceOrientationLandscapeRight";
				IPHONEOS_DEPLOYMENT_TARGET = 16.0;
				LD_RUNPATH_SEARCH_PATHS = (
					"$(inherited)",
					"@executable_path/Frameworks",
				);
				LIBRARY_SEARCH_PATHS = (
					"$(inherited)",
					"\"${DT_TOOLCHAIN_DIR}/usr/lib/swift/${PLATFORM_NAME}\"",
					/usr/lib/swift,
				);
				MARKETING_VERSION = 1.0;
				PRODUCT_BUNDLE_IDENTIFIER = com.red.InTouch;
				PRODUCT_NAME = "$(TARGET_NAME)";
				SUPPORTED_PLATFORMS = "iphoneos iphonesimulator";
				SUPPORTS_MACCATALYST = NO;
				SUPPORTS_MAC_DESIGNED_FOR_IPHONE_IPAD = NO;
				SWIFT_EMIT_LOC_STRINGS = YES;
				SWIFT_VERSION = 5.0;
				TARGETED_DEVICE_FAMILY = 1;
			};
			name = Release;
		};
		9DE69C802B05F77900AE7AEE /* Debug */ = {
			isa = XCBuildConfiguration;
			baseConfigurationReference = 4C78600CE877DAD7B988A638 /* Pods-InTouchTests.debug.xcconfig */;
			buildSettings = {
				ALWAYS_EMBED_SWIFT_STANDARD_LIBRARIES = YES;
				BUNDLE_LOADER = "$(TEST_HOST)";
				CODE_SIGN_STYLE = Automatic;
				CURRENT_PROJECT_VERSION = 1;
				DEVELOPMENT_TEAM = 2B5AM4DDW5;
				GENERATE_INFOPLIST_FILE = YES;
				IPHONEOS_DEPLOYMENT_TARGET = 17.0;
				MARKETING_VERSION = 1.0;
				PRODUCT_BUNDLE_IDENTIFIER = com.red.InTouchTests;
				PRODUCT_NAME = "$(TARGET_NAME)";
				SWIFT_EMIT_LOC_STRINGS = NO;
				SWIFT_VERSION = 5.0;
				TARGETED_DEVICE_FAMILY = "1,2";
				TEST_HOST = "$(BUILT_PRODUCTS_DIR)/InTouch.app/$(BUNDLE_EXECUTABLE_FOLDER_PATH)/InTouch";
			};
			name = Debug;
		};
		9DE69C812B05F77900AE7AEE /* Release */ = {
			isa = XCBuildConfiguration;
			baseConfigurationReference = 82D8F9EBFF6935A6B98CBAD2 /* Pods-InTouchTests.release.xcconfig */;
			buildSettings = {
				ALWAYS_EMBED_SWIFT_STANDARD_LIBRARIES = YES;
				BUNDLE_LOADER = "$(TEST_HOST)";
				CODE_SIGN_STYLE = Automatic;
				CURRENT_PROJECT_VERSION = 1;
				DEVELOPMENT_TEAM = 2B5AM4DDW5;
				GENERATE_INFOPLIST_FILE = YES;
				IPHONEOS_DEPLOYMENT_TARGET = 17.0;
				MARKETING_VERSION = 1.0;
				PRODUCT_BUNDLE_IDENTIFIER = com.red.InTouchTests;
				PRODUCT_NAME = "$(TARGET_NAME)";
				SWIFT_EMIT_LOC_STRINGS = NO;
				SWIFT_VERSION = 5.0;
				TARGETED_DEVICE_FAMILY = "1,2";
				TEST_HOST = "$(BUILT_PRODUCTS_DIR)/InTouch.app/$(BUNDLE_EXECUTABLE_FOLDER_PATH)/InTouch";
			};
			name = Release;
		};
		9DE69C832B05F77900AE7AEE /* Debug */ = {
			isa = XCBuildConfiguration;
			baseConfigurationReference = 73B439C99D88FFBC84CACDD7 /* Pods-InTouch-InTouchUITests.debug.xcconfig */;
			buildSettings = {
				ALWAYS_EMBED_SWIFT_STANDARD_LIBRARIES = YES;
				CODE_SIGN_STYLE = Automatic;
				CURRENT_PROJECT_VERSION = 1;
				DEVELOPMENT_TEAM = 2B5AM4DDW5;
				GENERATE_INFOPLIST_FILE = YES;
				MARKETING_VERSION = 1.0;
				PRODUCT_BUNDLE_IDENTIFIER = com.red.InTouchUITests;
				PRODUCT_NAME = "$(TARGET_NAME)";
				SWIFT_EMIT_LOC_STRINGS = NO;
				SWIFT_VERSION = 5.0;
				TARGETED_DEVICE_FAMILY = "1,2";
				TEST_TARGET_NAME = InTouch;
			};
			name = Debug;
		};
		9DE69C842B05F77900AE7AEE /* Release */ = {
			isa = XCBuildConfiguration;
			baseConfigurationReference = B46685628DD3763A8F59DF87 /* Pods-InTouch-InTouchUITests.release.xcconfig */;
			buildSettings = {
				ALWAYS_EMBED_SWIFT_STANDARD_LIBRARIES = YES;
				CODE_SIGN_STYLE = Automatic;
				CURRENT_PROJECT_VERSION = 1;
				DEVELOPMENT_TEAM = 2B5AM4DDW5;
				GENERATE_INFOPLIST_FILE = YES;
				MARKETING_VERSION = 1.0;
				PRODUCT_BUNDLE_IDENTIFIER = com.red.InTouchUITests;
				PRODUCT_NAME = "$(TARGET_NAME)";
				SWIFT_EMIT_LOC_STRINGS = NO;
				SWIFT_VERSION = 5.0;
				TARGETED_DEVICE_FAMILY = "1,2";
				TEST_TARGET_NAME = InTouch;
			};
			name = Release;
		};
/* End XCBuildConfiguration section */

/* Begin XCConfigurationList section */
		9DE69C4D2B05F77800AE7AEE /* Build configuration list for PBXProject "InTouch" */ = {
			isa = XCConfigurationList;
			buildConfigurations = (
				9DE69C7A2B05F77900AE7AEE /* Debug */,
				9DE69C7B2B05F77900AE7AEE /* Release */,
			);
			defaultConfigurationIsVisible = 0;
			defaultConfigurationName = Release;
		};
		9DE69C7C2B05F77900AE7AEE /* Build configuration list for PBXNativeTarget "InTouch" */ = {
			isa = XCConfigurationList;
			buildConfigurations = (
				9DE69C7D2B05F77900AE7AEE /* Debug */,
				9DE69C7E2B05F77900AE7AEE /* Release */,
			);
			defaultConfigurationIsVisible = 0;
			defaultConfigurationName = Release;
		};
		9DE69C7F2B05F77900AE7AEE /* Build configuration list for PBXNativeTarget "InTouchTests" */ = {
			isa = XCConfigurationList;
			buildConfigurations = (
				9DE69C802B05F77900AE7AEE /* Debug */,
				9DE69C812B05F77900AE7AEE /* Release */,
			);
			defaultConfigurationIsVisible = 0;
			defaultConfigurationName = Release;
		};
		9DE69C822B05F77900AE7AEE /* Build configuration list for PBXNativeTarget "InTouchUITests" */ = {
			isa = XCConfigurationList;
			buildConfigurations = (
				9DE69C832B05F77900AE7AEE /* Debug */,
				9DE69C842B05F77900AE7AEE /* Release */,
			);
			defaultConfigurationIsVisible = 0;
			defaultConfigurationName = Release;
		};
/* End XCConfigurationList section */

/* Begin XCRemoteSwiftPackageReference section */
		9DC1B7572B30474B0063E667 /* XCRemoteSwiftPackageReference "DSWaveformImage" */ = {
			isa = XCRemoteSwiftPackageReference;
			repositoryURL = "https://github.com/dmrschmidt/DSWaveformImage.git";
			requirement = {
				kind = upToNextMajorVersion;
				minimumVersion = 14.2.1;
			};
		};
		9DF8AAB12B075B5A00F5D3D3 /* XCRemoteSwiftPackageReference "firebase-ios-sdk" */ = {
			isa = XCRemoteSwiftPackageReference;
			repositoryURL = "https://github.com/firebase/firebase-ios-sdk";
			requirement = {
				kind = upToNextMajorVersion;
				minimumVersion = 10.18.0;
			};
		};
/* End XCRemoteSwiftPackageReference section */

/* Begin XCSwiftPackageProductDependency section */
		9DC1B7582B304B260063E667 /* DSWaveformImage */ = {
			isa = XCSwiftPackageProductDependency;
			package = 9DC1B7572B30474B0063E667 /* XCRemoteSwiftPackageReference "DSWaveformImage" */;
			productName = DSWaveformImage;
		};
		9DC1B75A2B304B260063E667 /* DSWaveformImageViews */ = {
			isa = XCSwiftPackageProductDependency;
			package = 9DC1B7572B30474B0063E667 /* XCRemoteSwiftPackageReference "DSWaveformImage" */;
			productName = DSWaveformImageViews;
		};
		9DF8AAB22B075B5A00F5D3D3 /* FirebaseAnalytics */ = {
			isa = XCSwiftPackageProductDependency;
			package = 9DF8AAB12B075B5A00F5D3D3 /* XCRemoteSwiftPackageReference "firebase-ios-sdk" */;
			productName = FirebaseAnalytics;
		};
		9DF8AAB42B075B5A00F5D3D3 /* FirebaseAuth */ = {
			isa = XCSwiftPackageProductDependency;
			package = 9DF8AAB12B075B5A00F5D3D3 /* XCRemoteSwiftPackageReference "firebase-ios-sdk" */;
			productName = FirebaseAuth;
		};
		9DF8AAB62B075B5A00F5D3D3 /* FirebaseCrashlytics */ = {
			isa = XCSwiftPackageProductDependency;
			package = 9DF8AAB12B075B5A00F5D3D3 /* XCRemoteSwiftPackageReference "firebase-ios-sdk" */;
			productName = FirebaseCrashlytics;
		};
		9DF8AAB82B075B5A00F5D3D3 /* FirebaseDynamicLinks */ = {
			isa = XCSwiftPackageProductDependency;
			package = 9DF8AAB12B075B5A00F5D3D3 /* XCRemoteSwiftPackageReference "firebase-ios-sdk" */;
			productName = FirebaseDynamicLinks;
		};
		9DF8AABA2B075B5A00F5D3D3 /* FirebaseFirestore */ = {
			isa = XCSwiftPackageProductDependency;
			package = 9DF8AAB12B075B5A00F5D3D3 /* XCRemoteSwiftPackageReference "firebase-ios-sdk" */;
			productName = FirebaseFirestore;
		};
		9DF8AABC2B075B5A00F5D3D3 /* FirebaseFirestoreSwift */ = {
			isa = XCSwiftPackageProductDependency;
			package = 9DF8AAB12B075B5A00F5D3D3 /* XCRemoteSwiftPackageReference "firebase-ios-sdk" */;
			productName = FirebaseFirestoreSwift;
		};
		9DF8AABE2B075B5A00F5D3D3 /* FirebaseStorage */ = {
			isa = XCSwiftPackageProductDependency;
			package = 9DF8AAB12B075B5A00F5D3D3 /* XCRemoteSwiftPackageReference "firebase-ios-sdk" */;
			productName = FirebaseStorage;
		};
/* End XCSwiftPackageProductDependency section */
	};
	rootObject = 9DE69C4A2B05F77800AE7AEE /* Project object */;
}
